// !$*UTF8*$!
{
	archiveVersion = 1;
	classes = {
	};
	objectVersion = 50;
	objects = {

/* Begin PBXBuildFile section */
		F8685BDC259BA27100677A8B /* StringExtensionsTests.swift in Sources */ = {isa = PBXBuildFile; fileRef = F8685BDB259BA27100677A8B /* StringExtensionsTests.swift */; };
		F8685D2E259D3D1100677A8B /* MonkeyLexer.swift in Sources */ = {isa = PBXBuildFile; fileRef = F8685D2D259D3D1100677A8B /* MonkeyLexer.swift */; };
		F8685D31259D3D3200677A8B /* MonkeyLexer.swift in Sources */ = {isa = PBXBuildFile; fileRef = F8685D2D259D3D1100677A8B /* MonkeyLexer.swift */; };
		F8685D36259D42DF00677A8B /* Repl.swift in Sources */ = {isa = PBXBuildFile; fileRef = F8685D35259D42DF00677A8B /* Repl.swift */; };
		F8685D52259E355600677A8B /* MonkeyLexerTests.swift in Sources */ = {isa = PBXBuildFile; fileRef = F8685D51259E355600677A8B /* MonkeyLexerTests.swift */; };
		F86BC19E259FEC370039337E /* ParseError.swift in Sources */ = {isa = PBXBuildFile; fileRef = F86BC19D259FEC370039337E /* ParseError.swift */; };
		F86BC1A3259FED590039337E /* ParseError.swift in Sources */ = {isa = PBXBuildFile; fileRef = F86BC19D259FEC370039337E /* ParseError.swift */; };
		F86BC1A725A1158A0039337E /* ReturnStatement.swift in Sources */ = {isa = PBXBuildFile; fileRef = F86BC1A625A1158A0039337E /* ReturnStatement.swift */; };
		F86BC1AA25A116C30039337E /* ReturnStatement.swift in Sources */ = {isa = PBXBuildFile; fileRef = F86BC1A625A1158A0039337E /* ReturnStatement.swift */; };
		F86BC1AE25A11A8E0039337E /* ExpressionStatement.swift in Sources */ = {isa = PBXBuildFile; fileRef = F86BC1AD25A11A8E0039337E /* ExpressionStatement.swift */; };
		F86BC1B225A11A990039337E /* Identifier.swift in Sources */ = {isa = PBXBuildFile; fileRef = F86BC1B125A11A990039337E /* Identifier.swift */; };
		F86BC1B525A11A9B0039337E /* Identifier.swift in Sources */ = {isa = PBXBuildFile; fileRef = F86BC1B125A11A990039337E /* Identifier.swift */; };
		F86BC1B825A11A9E0039337E /* ExpressionStatement.swift in Sources */ = {isa = PBXBuildFile; fileRef = F86BC1AD25A11A8E0039337E /* ExpressionStatement.swift */; };
		F86BC1BE25A12F370039337E /* IntegerLiteral.swift in Sources */ = {isa = PBXBuildFile; fileRef = F86BC1BD25A12F370039337E /* IntegerLiteral.swift */; };
		F86BC1C125A12FAF0039337E /* IntegerLiteral.swift in Sources */ = {isa = PBXBuildFile; fileRef = F86BC1BD25A12F370039337E /* IntegerLiteral.swift */; };
		F882F931259E8F760069DCD6 /* Node.swift in Sources */ = {isa = PBXBuildFile; fileRef = F882F930259E8F760069DCD6 /* Node.swift */; };
		F882F932259E8F760069DCD6 /* Node.swift in Sources */ = {isa = PBXBuildFile; fileRef = F882F930259E8F760069DCD6 /* Node.swift */; };
		F882F938259FA81E0069DCD6 /* Program.swift in Sources */ = {isa = PBXBuildFile; fileRef = F882F937259FA81E0069DCD6 /* Program.swift */; };
		F882F939259FA81E0069DCD6 /* Program.swift in Sources */ = {isa = PBXBuildFile; fileRef = F882F937259FA81E0069DCD6 /* Program.swift */; };
		F882F93E259FA8DE0069DCD6 /* LetStatement.swift in Sources */ = {isa = PBXBuildFile; fileRef = F882F93D259FA8DE0069DCD6 /* LetStatement.swift */; };
		F882F93F259FA8DE0069DCD6 /* LetStatement.swift in Sources */ = {isa = PBXBuildFile; fileRef = F882F93D259FA8DE0069DCD6 /* LetStatement.swift */; };
		F882F945259FA9B40069DCD6 /* Parser.swift in Sources */ = {isa = PBXBuildFile; fileRef = F882F944259FA9B40069DCD6 /* Parser.swift */; };
		F882F946259FA9B40069DCD6 /* Parser.swift in Sources */ = {isa = PBXBuildFile; fileRef = F882F944259FA9B40069DCD6 /* Parser.swift */; };
		F882F94A259FA9C30069DCD6 /* MonkeyParser.swift in Sources */ = {isa = PBXBuildFile; fileRef = F882F949259FA9C30069DCD6 /* MonkeyParser.swift */; };
		F882F94B259FA9C30069DCD6 /* MonkeyParser.swift in Sources */ = {isa = PBXBuildFile; fileRef = F882F949259FA9C30069DCD6 /* MonkeyParser.swift */; };
		F882F94F259FAB690069DCD6 /* MonkeyParserTests.swift in Sources */ = {isa = PBXBuildFile; fileRef = F882F94E259FAB690069DCD6 /* MonkeyParserTests.swift */; };
		F8B49BF125993C2C005D91E7 /* main.swift in Sources */ = {isa = PBXBuildFile; fileRef = F8B49BF025993C2C005D91E7 /* main.swift */; };
		F8B49BFB25993EA6005D91E7 /* Token.swift in Sources */ = {isa = PBXBuildFile; fileRef = F8B49BFA25993EA6005D91E7 /* Token.swift */; };
		F8B49D90259A64AD005D91E7 /* Tokens.swift in Sources */ = {isa = PBXBuildFile; fileRef = F8B49D8F259A64AD005D91E7 /* Tokens.swift */; };
		F8B49D94259A88CC005D91E7 /* Lexer.swift in Sources */ = {isa = PBXBuildFile; fileRef = F8B49D93259A88CC005D91E7 /* Lexer.swift */; };
		F8B49DDE259A91DB005D91E7 /* Token.swift in Sources */ = {isa = PBXBuildFile; fileRef = F8B49BFA25993EA6005D91E7 /* Token.swift */; };
		F8B49DE1259A9228005D91E7 /* Lexer.swift in Sources */ = {isa = PBXBuildFile; fileRef = F8B49D93259A88CC005D91E7 /* Lexer.swift */; };
		F8B49DE5259A926C005D91E7 /* LexerTests.swift in Sources */ = {isa = PBXBuildFile; fileRef = F8B49DE4259A926C005D91E7 /* LexerTests.swift */; };
		F8B49DE8259A9291005D91E7 /* Tokens.swift in Sources */ = {isa = PBXBuildFile; fileRef = F8B49D8F259A64AD005D91E7 /* Tokens.swift */; };
		F8B49DEC259AA79C005D91E7 /* StringExtensions.swift in Sources */ = {isa = PBXBuildFile; fileRef = F8B49DEB259AA79C005D91E7 /* StringExtensions.swift */; };
		F8B49DEF259AB9A4005D91E7 /* StringExtensions.swift in Sources */ = {isa = PBXBuildFile; fileRef = F8B49DEB259AA79C005D91E7 /* StringExtensions.swift */; };
/* End PBXBuildFile section */

/* Begin PBXContainerItemProxy section */
		F8B49DD4259A8F95005D91E7 /* PBXContainerItemProxy */ = {
			isa = PBXContainerItemProxy;
			containerPortal = F8B49BE525993C2C005D91E7 /* Project object */;
			proxyType = 1;
			remoteGlobalIDString = F8B49BEC25993C2C005D91E7;
			remoteInfo = rosetta;
		};
/* End PBXContainerItemProxy section */

/* Begin PBXCopyFilesBuildPhase section */
		F8B49BEB25993C2C005D91E7 /* CopyFiles */ = {
			isa = PBXCopyFilesBuildPhase;
			buildActionMask = 2147483647;
			dstPath = /usr/share/man/man1/;
			dstSubfolderSpec = 0;
			files = (
			);
			runOnlyForDeploymentPostprocessing = 1;
		};
/* End PBXCopyFilesBuildPhase section */

/* Begin PBXFileReference section */
		F8685BDB259BA27100677A8B /* StringExtensionsTests.swift */ = {isa = PBXFileReference; lastKnownFileType = sourcecode.swift; path = StringExtensionsTests.swift; sourceTree = "<group>"; };
		F8685D2D259D3D1100677A8B /* MonkeyLexer.swift */ = {isa = PBXFileReference; lastKnownFileType = sourcecode.swift; path = MonkeyLexer.swift; sourceTree = "<group>"; };
		F8685D35259D42DF00677A8B /* Repl.swift */ = {isa = PBXFileReference; lastKnownFileType = sourcecode.swift; path = Repl.swift; sourceTree = "<group>"; };
		F8685D51259E355600677A8B /* MonkeyLexerTests.swift */ = {isa = PBXFileReference; lastKnownFileType = sourcecode.swift; path = MonkeyLexerTests.swift; sourceTree = "<group>"; };
		F86BC19D259FEC370039337E /* ParseError.swift */ = {isa = PBXFileReference; lastKnownFileType = sourcecode.swift; path = ParseError.swift; sourceTree = "<group>"; };
		F86BC1A625A1158A0039337E /* ReturnStatement.swift */ = {isa = PBXFileReference; lastKnownFileType = sourcecode.swift; path = ReturnStatement.swift; sourceTree = "<group>"; };
		F86BC1AD25A11A8E0039337E /* ExpressionStatement.swift */ = {isa = PBXFileReference; lastKnownFileType = sourcecode.swift; path = ExpressionStatement.swift; sourceTree = "<group>"; };
		F86BC1B125A11A990039337E /* Identifier.swift */ = {isa = PBXFileReference; lastKnownFileType = sourcecode.swift; path = Identifier.swift; sourceTree = "<group>"; };
		F86BC1BD25A12F370039337E /* IntegerLiteral.swift */ = {isa = PBXFileReference; lastKnownFileType = sourcecode.swift; path = IntegerLiteral.swift; sourceTree = "<group>"; };
		F882F930259E8F760069DCD6 /* Node.swift */ = {isa = PBXFileReference; lastKnownFileType = sourcecode.swift; path = Node.swift; sourceTree = "<group>"; };
		F882F937259FA81E0069DCD6 /* Program.swift */ = {isa = PBXFileReference; lastKnownFileType = sourcecode.swift; path = Program.swift; sourceTree = "<group>"; };
		F882F93D259FA8DE0069DCD6 /* LetStatement.swift */ = {isa = PBXFileReference; lastKnownFileType = sourcecode.swift; path = LetStatement.swift; sourceTree = "<group>"; };
		F882F944259FA9B40069DCD6 /* Parser.swift */ = {isa = PBXFileReference; lastKnownFileType = sourcecode.swift; path = Parser.swift; sourceTree = "<group>"; };
		F882F949259FA9C30069DCD6 /* MonkeyParser.swift */ = {isa = PBXFileReference; lastKnownFileType = sourcecode.swift; path = MonkeyParser.swift; sourceTree = "<group>"; };
		F882F94E259FAB690069DCD6 /* MonkeyParserTests.swift */ = {isa = PBXFileReference; lastKnownFileType = sourcecode.swift; path = MonkeyParserTests.swift; sourceTree = "<group>"; };
		F8B49BED25993C2C005D91E7 /* rosetta */ = {isa = PBXFileReference; explicitFileType = "compiled.mach-o.executable"; includeInIndex = 0; path = rosetta; sourceTree = BUILT_PRODUCTS_DIR; };
		F8B49BF025993C2C005D91E7 /* main.swift */ = {isa = PBXFileReference; lastKnownFileType = sourcecode.swift; path = main.swift; sourceTree = "<group>"; };
		F8B49BFA25993EA6005D91E7 /* Token.swift */ = {isa = PBXFileReference; lastKnownFileType = sourcecode.swift; path = Token.swift; sourceTree = "<group>"; };
		F8B49D8F259A64AD005D91E7 /* Tokens.swift */ = {isa = PBXFileReference; lastKnownFileType = sourcecode.swift; path = Tokens.swift; sourceTree = "<group>"; };
		F8B49D93259A88CC005D91E7 /* Lexer.swift */ = {isa = PBXFileReference; lastKnownFileType = sourcecode.swift; path = Lexer.swift; sourceTree = "<group>"; };
		F8B49DBE259A8A20005D91E7 /* rosettaTest.xctest */ = {isa = PBXFileReference; explicitFileType = wrapper.cfbundle; includeInIndex = 0; path = rosettaTest.xctest; sourceTree = BUILT_PRODUCTS_DIR; };
		F8B49DC2259A8A21005D91E7 /* Info.plist */ = {isa = PBXFileReference; lastKnownFileType = text.plist.xml; path = Info.plist; sourceTree = "<group>"; };
		F8B49DE4259A926C005D91E7 /* LexerTests.swift */ = {isa = PBXFileReference; lastKnownFileType = sourcecode.swift; path = LexerTests.swift; sourceTree = "<group>"; };
		F8B49DEB259AA79C005D91E7 /* StringExtensions.swift */ = {isa = PBXFileReference; lastKnownFileType = sourcecode.swift; path = StringExtensions.swift; sourceTree = "<group>"; };
/* End PBXFileReference section */

/* Begin PBXFrameworksBuildPhase section */
		F8B49BEA25993C2C005D91E7 /* Frameworks */ = {
			isa = PBXFrameworksBuildPhase;
			buildActionMask = 2147483647;
			files = (
			);
			runOnlyForDeploymentPostprocessing = 0;
		};
		F8B49DBB259A8A20005D91E7 /* Frameworks */ = {
			isa = PBXFrameworksBuildPhase;
			buildActionMask = 2147483647;
			files = (
			);
			runOnlyForDeploymentPostprocessing = 0;
		};
/* End PBXFrameworksBuildPhase section */

/* Begin PBXGroup section */
		F8685D34259D42CE00677A8B /* repl */ = {
			isa = PBXGroup;
			children = (
				F8685D35259D42DF00677A8B /* Repl.swift */,
			);
			path = repl;
			sourceTree = "<group>";
		};
		F882F92F259E8EDE0069DCD6 /* parser */ = {
			isa = PBXGroup;
			children = (
				F882F930259E8F760069DCD6 /* Node.swift */,
				F882F937259FA81E0069DCD6 /* Program.swift */,
				F882F944259FA9B40069DCD6 /* Parser.swift */,
				F86BC19D259FEC370039337E /* ParseError.swift */,
			);
			path = parser;
			sourceTree = "<group>";
		};
		F882F93C259FA8950069DCD6 /* ast */ = {
			isa = PBXGroup;
			children = (
				F882F93D259FA8DE0069DCD6 /* LetStatement.swift */,
				F882F949259FA9C30069DCD6 /* MonkeyParser.swift */,
				F86BC1A625A1158A0039337E /* ReturnStatement.swift */,
				F86BC1AD25A11A8E0039337E /* ExpressionStatement.swift */,
				F86BC1B125A11A990039337E /* Identifier.swift */,
				F86BC1BD25A12F370039337E /* IntegerLiteral.swift */,
			);
			path = ast;
			sourceTree = "<group>";
		};
		F8B49BE425993C2C005D91E7 = {
			isa = PBXGroup;
			children = (
				F8B49BEF25993C2C005D91E7 /* rosetta */,
				F8B49DBF259A8A20005D91E7 /* rosettaTest */,
				F8B49BEE25993C2C005D91E7 /* Products */,
			);
			sourceTree = "<group>";
		};
		F8B49BEE25993C2C005D91E7 /* Products */ = {
			isa = PBXGroup;
			children = (
				F8B49BED25993C2C005D91E7 /* rosetta */,
				F8B49DBE259A8A20005D91E7 /* rosettaTest.xctest */,
			);
			name = Products;
			sourceTree = "<group>";
		};
		F8B49BEF25993C2C005D91E7 /* rosetta */ = {
			isa = PBXGroup;
			children = (
				F882F92F259E8EDE0069DCD6 /* parser */,
				F8685D34259D42CE00677A8B /* repl */,
				F8B49D8D259A648B005D91E7 /* languages */,
				F8B49BF825993E10005D91E7 /* lexer */,
				F8B49BF025993C2C005D91E7 /* main.swift */,
			);
			path = rosetta;
			sourceTree = "<group>";
		};
		F8B49BF825993E10005D91E7 /* lexer */ = {
			isa = PBXGroup;
			children = (
				F8B49BFA25993EA6005D91E7 /* Token.swift */,
				F8B49D93259A88CC005D91E7 /* Lexer.swift */,
				F8B49DEB259AA79C005D91E7 /* StringExtensions.swift */,
			);
			path = lexer;
			sourceTree = "<group>";
		};
		F8B49D8D259A648B005D91E7 /* languages */ = {
			isa = PBXGroup;
			children = (
				F8B49D8E259A6498005D91E7 /* monkey */,
			);
			path = languages;
			sourceTree = "<group>";
		};
		F8B49D8E259A6498005D91E7 /* monkey */ = {
			isa = PBXGroup;
			children = (
				F882F93C259FA8950069DCD6 /* ast */,
				F8B49D8F259A64AD005D91E7 /* Tokens.swift */,
				F8685D2D259D3D1100677A8B /* MonkeyLexer.swift */,
			);
			path = monkey;
			sourceTree = "<group>";
		};
		F8B49DBF259A8A20005D91E7 /* rosettaTest */ = {
			isa = PBXGroup;
			children = (
				F8B49DC2259A8A21005D91E7 /* Info.plist */,
				F8B49DE4259A926C005D91E7 /* LexerTests.swift */,
				F8685BDB259BA27100677A8B /* StringExtensionsTests.swift */,
				F8685D51259E355600677A8B /* MonkeyLexerTests.swift */,
				F882F94E259FAB690069DCD6 /* MonkeyParserTests.swift */,
			);
			path = rosettaTest;
			sourceTree = "<group>";
		};
/* End PBXGroup section */

/* Begin PBXNativeTarget section */
		F8B49BEC25993C2C005D91E7 /* rosetta */ = {
			isa = PBXNativeTarget;
			buildConfigurationList = F8B49BF425993C2C005D91E7 /* Build configuration list for PBXNativeTarget "rosetta" */;
			buildPhases = (
				F8B49BE925993C2C005D91E7 /* Sources */,
				F8B49BEA25993C2C005D91E7 /* Frameworks */,
				F8B49BEB25993C2C005D91E7 /* CopyFiles */,
				F86BC193259FAF0D0039337E /* Lint */,
			);
			buildRules = (
			);
			dependencies = (
			);
			name = rosetta;
			productName = rossetta;
			productReference = F8B49BED25993C2C005D91E7 /* rosetta */;
			productType = "com.apple.product-type.tool";
		};
		F8B49DBD259A8A20005D91E7 /* rosettaTest */ = {
			isa = PBXNativeTarget;
			buildConfigurationList = F8B49DC3259A8A21005D91E7 /* Build configuration list for PBXNativeTarget "rosettaTest" */;
			buildPhases = (
				F8B49DBA259A8A20005D91E7 /* Sources */,
				F8B49DBB259A8A20005D91E7 /* Frameworks */,
				F8B49DBC259A8A20005D91E7 /* Resources */,
			);
			buildRules = (
			);
			dependencies = (
				F8B49DD5259A8F95005D91E7 /* PBXTargetDependency */,
			);
			name = rosettaTest;
			productName = rosettaTest;
			productReference = F8B49DBE259A8A20005D91E7 /* rosettaTest.xctest */;
			productType = "com.apple.product-type.bundle.unit-test";
		};
/* End PBXNativeTarget section */

/* Begin PBXProject section */
		F8B49BE525993C2C005D91E7 /* Project object */ = {
			isa = PBXProject;
			attributes = {
				LastSwiftUpdateCheck = 1230;
				LastUpgradeCheck = 1230;
				TargetAttributes = {
					F8B49BEC25993C2C005D91E7 = {
						CreatedOnToolsVersion = 12.3;
					};
					F8B49DBD259A8A20005D91E7 = {
						CreatedOnToolsVersion = 12.3;
					};
				};
			};
			buildConfigurationList = F8B49BE825993C2C005D91E7 /* Build configuration list for PBXProject "rosetta" */;
			compatibilityVersion = "Xcode 9.3";
			developmentRegion = en;
			hasScannedForEncodings = 0;
			knownRegions = (
				en,
				Base,
			);
			mainGroup = F8B49BE425993C2C005D91E7;
			productRefGroup = F8B49BEE25993C2C005D91E7 /* Products */;
			projectDirPath = "";
			projectRoot = "";
			targets = (
				F8B49BEC25993C2C005D91E7 /* rosetta */,
				F8B49DBD259A8A20005D91E7 /* rosettaTest */,
			);
		};
/* End PBXProject section */

/* Begin PBXResourcesBuildPhase section */
		F8B49DBC259A8A20005D91E7 /* Resources */ = {
			isa = PBXResourcesBuildPhase;
			buildActionMask = 2147483647;
			files = (
			);
			runOnlyForDeploymentPostprocessing = 0;
		};
/* End PBXResourcesBuildPhase section */

/* Begin PBXShellScriptBuildPhase section */
		F86BC193259FAF0D0039337E /* Lint */ = {
			isa = PBXShellScriptBuildPhase;
			buildActionMask = 2147483647;
			files = (
			);
			inputFileListPaths = (
			);
			inputPaths = (
			);
			name = Lint;
			outputFileListPaths = (
			);
			outputPaths = (
			);
			runOnlyForDeploymentPostprocessing = 0;
			shellPath = /bin/sh;
			shellScript = "if which swiftlint >/dev/null; then\n  swiftlint\nelse\n  echo \"warning: SwiftLint not installed, download from https://github.com/realm/SwiftLint\"\nfi\n";
		};
/* End PBXShellScriptBuildPhase section */

/* Begin PBXSourcesBuildPhase section */
		F8B49BE925993C2C005D91E7 /* Sources */ = {
			isa = PBXSourcesBuildPhase;
			buildActionMask = 2147483647;
			files = (
				F86BC1AE25A11A8E0039337E /* ExpressionStatement.swift in Sources */,
				F8B49BF125993C2C005D91E7 /* main.swift in Sources */,
				F882F945259FA9B40069DCD6 /* Parser.swift in Sources */,
				F8B49BFB25993EA6005D91E7 /* Token.swift in Sources */,
				F8685D36259D42DF00677A8B /* Repl.swift in Sources */,
				F882F931259E8F760069DCD6 /* Node.swift in Sources */,
				F882F94A259FA9C30069DCD6 /* MonkeyParser.swift in Sources */,
				F8B49DEC259AA79C005D91E7 /* StringExtensions.swift in Sources */,
				F86BC1A725A1158A0039337E /* ReturnStatement.swift in Sources */,
				F86BC1BE25A12F370039337E /* IntegerLiteral.swift in Sources */,
				F86BC19E259FEC370039337E /* ParseError.swift in Sources */,
				F882F93E259FA8DE0069DCD6 /* LetStatement.swift in Sources */,
				F882F938259FA81E0069DCD6 /* Program.swift in Sources */,
				F8B49D94259A88CC005D91E7 /* Lexer.swift in Sources */,
				F8B49D90259A64AD005D91E7 /* Tokens.swift in Sources */,
				F86BC1B225A11A990039337E /* Identifier.swift in Sources */,
				F8685D2E259D3D1100677A8B /* MonkeyLexer.swift in Sources */,
			);
			runOnlyForDeploymentPostprocessing = 0;
		};
		F8B49DBA259A8A20005D91E7 /* Sources */ = {
			isa = PBXSourcesBuildPhase;
			buildActionMask = 2147483647;
			files = (
				F882F939259FA81E0069DCD6 /* Program.swift in Sources */,
				F882F94F259FAB690069DCD6 /* MonkeyParserTests.swift in Sources */,
				F86BC1C125A12FAF0039337E /* IntegerLiteral.swift in Sources */,
				F8B49DEF259AB9A4005D91E7 /* StringExtensions.swift in Sources */,
				F86BC1B825A11A9E0039337E /* ExpressionStatement.swift in Sources */,
				F8685D31259D3D3200677A8B /* MonkeyLexer.swift in Sources */,
				F8B49DE1259A9228005D91E7 /* Lexer.swift in Sources */,
				F86BC1AA25A116C30039337E /* ReturnStatement.swift in Sources */,
				F882F932259E8F760069DCD6 /* Node.swift in Sources */,
				F882F94B259FA9C30069DCD6 /* MonkeyParser.swift in Sources */,
				F8685BDC259BA27100677A8B /* StringExtensionsTests.swift in Sources */,
				F8B49DE5259A926C005D91E7 /* LexerTests.swift in Sources */,
				F8B49DE8259A9291005D91E7 /* Tokens.swift in Sources */,
				F882F946259FA9B40069DCD6 /* Parser.swift in Sources */,
				F8B49DDE259A91DB005D91E7 /* Token.swift in Sources */,
				F882F93F259FA8DE0069DCD6 /* LetStatement.swift in Sources */,
				F86BC1B525A11A9B0039337E /* Identifier.swift in Sources */,
				F8685D52259E355600677A8B /* MonkeyLexerTests.swift in Sources */,
				F86BC1A3259FED590039337E /* ParseError.swift in Sources */,
			);
			runOnlyForDeploymentPostprocessing = 0;
		};
/* End PBXSourcesBuildPhase section */

/* Begin PBXTargetDependency section */
		F8B49DD5259A8F95005D91E7 /* PBXTargetDependency */ = {
			isa = PBXTargetDependency;
			target = F8B49BEC25993C2C005D91E7 /* rosetta */;
			targetProxy = F8B49DD4259A8F95005D91E7 /* PBXContainerItemProxy */;
		};
/* End PBXTargetDependency section */

/* Begin XCBuildConfiguration section */
		F8B49BF225993C2C005D91E7 /* Debug */ = {
			isa = XCBuildConfiguration;
			buildSettings = {
				ALWAYS_SEARCH_USER_PATHS = NO;
				CLANG_ANALYZER_NONNULL = YES;
				CLANG_ANALYZER_NUMBER_OBJECT_CONVERSION = YES_AGGRESSIVE;
				CLANG_CXX_LANGUAGE_STANDARD = "gnu++14";
				CLANG_CXX_LIBRARY = "libc++";
				CLANG_ENABLE_MODULES = YES;
				CLANG_ENABLE_OBJC_ARC = YES;
				CLANG_ENABLE_OBJC_WEAK = YES;
				CLANG_WARN_BLOCK_CAPTURE_AUTORELEASING = YES;
				CLANG_WARN_BOOL_CONVERSION = YES;
				CLANG_WARN_COMMA = YES;
				CLANG_WARN_CONSTANT_CONVERSION = YES;
				CLANG_WARN_DEPRECATED_OBJC_IMPLEMENTATIONS = YES;
				CLANG_WARN_DIRECT_OBJC_ISA_USAGE = YES_ERROR;
				CLANG_WARN_DOCUMENTATION_COMMENTS = YES;
				CLANG_WARN_EMPTY_BODY = YES;
				CLANG_WARN_ENUM_CONVERSION = YES;
				CLANG_WARN_INFINITE_RECURSION = YES;
				CLANG_WARN_INT_CONVERSION = YES;
				CLANG_WARN_NON_LITERAL_NULL_CONVERSION = YES;
				CLANG_WARN_OBJC_IMPLICIT_RETAIN_SELF = YES;
				CLANG_WARN_OBJC_LITERAL_CONVERSION = YES;
				CLANG_WARN_OBJC_ROOT_CLASS = YES_ERROR;
				CLANG_WARN_QUOTED_INCLUDE_IN_FRAMEWORK_HEADER = YES;
				CLANG_WARN_RANGE_LOOP_ANALYSIS = YES;
				CLANG_WARN_STRICT_PROTOTYPES = YES;
				CLANG_WARN_SUSPICIOUS_MOVE = YES;
				CLANG_WARN_UNGUARDED_AVAILABILITY = YES_AGGRESSIVE;
				CLANG_WARN_UNREACHABLE_CODE = YES;
				CLANG_WARN__DUPLICATE_METHOD_MATCH = YES;
				COPY_PHASE_STRIP = NO;
				DEBUG_INFORMATION_FORMAT = dwarf;
				ENABLE_STRICT_OBJC_MSGSEND = YES;
				ENABLE_TESTABILITY = YES;
				GCC_C_LANGUAGE_STANDARD = gnu11;
				GCC_DYNAMIC_NO_PIC = NO;
				GCC_NO_COMMON_BLOCKS = YES;
				GCC_OPTIMIZATION_LEVEL = 0;
				GCC_PREPROCESSOR_DEFINITIONS = (
					"DEBUG=1",
					"$(inherited)",
				);
				GCC_WARN_64_TO_32_BIT_CONVERSION = YES;
				GCC_WARN_ABOUT_RETURN_TYPE = YES_ERROR;
				GCC_WARN_UNDECLARED_SELECTOR = YES;
				GCC_WARN_UNINITIALIZED_AUTOS = YES_AGGRESSIVE;
				GCC_WARN_UNUSED_FUNCTION = YES;
				GCC_WARN_UNUSED_VARIABLE = YES;
				MACOSX_DEPLOYMENT_TARGET = 11.1;
				MTL_ENABLE_DEBUG_INFO = INCLUDE_SOURCE;
				MTL_FAST_MATH = YES;
				ONLY_ACTIVE_ARCH = YES;
				SDKROOT = macosx;
				SWIFT_ACTIVE_COMPILATION_CONDITIONS = DEBUG;
				SWIFT_OPTIMIZATION_LEVEL = "-Onone";
			};
			name = Debug;
		};
		F8B49BF325993C2C005D91E7 /* Release */ = {
			isa = XCBuildConfiguration;
			buildSettings = {
				ALWAYS_SEARCH_USER_PATHS = NO;
				CLANG_ANALYZER_NONNULL = YES;
				CLANG_ANALYZER_NUMBER_OBJECT_CONVERSION = YES_AGGRESSIVE;
				CLANG_CXX_LANGUAGE_STANDARD = "gnu++14";
				CLANG_CXX_LIBRARY = "libc++";
				CLANG_ENABLE_MODULES = YES;
				CLANG_ENABLE_OBJC_ARC = YES;
				CLANG_ENABLE_OBJC_WEAK = YES;
				CLANG_WARN_BLOCK_CAPTURE_AUTORELEASING = YES;
				CLANG_WARN_BOOL_CONVERSION = YES;
				CLANG_WARN_COMMA = YES;
				CLANG_WARN_CONSTANT_CONVERSION = YES;
				CLANG_WARN_DEPRECATED_OBJC_IMPLEMENTATIONS = YES;
				CLANG_WARN_DIRECT_OBJC_ISA_USAGE = YES_ERROR;
				CLANG_WARN_DOCUMENTATION_COMMENTS = YES;
				CLANG_WARN_EMPTY_BODY = YES;
				CLANG_WARN_ENUM_CONVERSION = YES;
				CLANG_WARN_INFINITE_RECURSION = YES;
				CLANG_WARN_INT_CONVERSION = YES;
				CLANG_WARN_NON_LITERAL_NULL_CONVERSION = YES;
				CLANG_WARN_OBJC_IMPLICIT_RETAIN_SELF = YES;
				CLANG_WARN_OBJC_LITERAL_CONVERSION = YES;
				CLANG_WARN_OBJC_ROOT_CLASS = YES_ERROR;
				CLANG_WARN_QUOTED_INCLUDE_IN_FRAMEWORK_HEADER = YES;
				CLANG_WARN_RANGE_LOOP_ANALYSIS = YES;
				CLANG_WARN_STRICT_PROTOTYPES = YES;
				CLANG_WARN_SUSPICIOUS_MOVE = YES;
				CLANG_WARN_UNGUARDED_AVAILABILITY = YES_AGGRESSIVE;
				CLANG_WARN_UNREACHABLE_CODE = YES;
				CLANG_WARN__DUPLICATE_METHOD_MATCH = YES;
				COPY_PHASE_STRIP = NO;
				DEBUG_INFORMATION_FORMAT = "dwarf-with-dsym";
				ENABLE_NS_ASSERTIONS = NO;
				ENABLE_STRICT_OBJC_MSGSEND = YES;
				GCC_C_LANGUAGE_STANDARD = gnu11;
				GCC_NO_COMMON_BLOCKS = YES;
				GCC_WARN_64_TO_32_BIT_CONVERSION = YES;
				GCC_WARN_ABOUT_RETURN_TYPE = YES_ERROR;
				GCC_WARN_UNDECLARED_SELECTOR = YES;
				GCC_WARN_UNINITIALIZED_AUTOS = YES_AGGRESSIVE;
				GCC_WARN_UNUSED_FUNCTION = YES;
				GCC_WARN_UNUSED_VARIABLE = YES;
				MACOSX_DEPLOYMENT_TARGET = 11.1;
				MTL_ENABLE_DEBUG_INFO = NO;
				MTL_FAST_MATH = YES;
				SDKROOT = macosx;
				SWIFT_COMPILATION_MODE = wholemodule;
				SWIFT_OPTIMIZATION_LEVEL = "-O";
			};
			name = Release;
		};
		F8B49BF525993C2C005D91E7 /* Debug */ = {
			isa = XCBuildConfiguration;
			buildSettings = {
				CODE_SIGN_STYLE = Automatic;
				DEFINES_MODULE = YES;
				ENABLE_TESTABILITY = YES;
				PRODUCT_NAME = "$(TARGET_NAME)";
				SWIFT_VERSION = 5.0;
			};
			name = Debug;
		};
		F8B49BF625993C2C005D91E7 /* Release */ = {
			isa = XCBuildConfiguration;
			buildSettings = {
				CODE_SIGN_STYLE = Automatic;
				DEFINES_MODULE = YES;
				ENABLE_TESTABILITY = YES;
				PRODUCT_NAME = "$(TARGET_NAME)";
				SWIFT_VERSION = 5.0;
			};
			name = Release;
		};
		F8B49DC4259A8A21005D91E7 /* Debug */ = {
			isa = XCBuildConfiguration;
			buildSettings = {
				CODE_SIGN_STYLE = Automatic;
				COMBINE_HIDPI_IMAGES = YES;
				INFOPLIST_FILE = rosettaTest/Info.plist;
				LD_RUNPATH_SEARCH_PATHS = (
					"$(inherited)",
					"@executable_path/../Frameworks",
					"@loader_path/../Frameworks",
				);
				PRODUCT_BUNDLE_IDENTIFIER = com.sysoft.swift.rosettaTest;
				PRODUCT_NAME = "$(TARGET_NAME)";
				SWIFT_VERSION = 5.0;
			};
			name = Debug;
		};
		F8B49DC5259A8A21005D91E7 /* Release */ = {
			isa = XCBuildConfiguration;
			buildSettings = {
				CODE_SIGN_STYLE = Automatic;
				COMBINE_HIDPI_IMAGES = YES;
				INFOPLIST_FILE = rosettaTest/Info.plist;
				LD_RUNPATH_SEARCH_PATHS = (
					"$(inherited)",
					"@executable_path/../Frameworks",
					"@loader_path/../Frameworks",
				);
				PRODUCT_BUNDLE_IDENTIFIER = com.sysoft.swift.rosettaTest;
				PRODUCT_NAME = "$(TARGET_NAME)";
				SWIFT_VERSION = 5.0;
			};
			name = Release;
		};
/* End XCBuildConfiguration section */

/* Begin XCConfigurationList section */
		F8B49BE825993C2C005D91E7 /* Build configuration list for PBXProject "rosetta" */ = {
			isa = XCConfigurationList;
			buildConfigurations = (
				F8B49BF225993C2C005D91E7 /* Debug */,
				F8B49BF325993C2C005D91E7 /* Release */,
			);
			defaultConfigurationIsVisible = 0;
			defaultConfigurationName = Release;
		};
		F8B49BF425993C2C005D91E7 /* Build configuration list for PBXNativeTarget "rosetta" */ = {
			isa = XCConfigurationList;
			buildConfigurations = (
				F8B49BF525993C2C005D91E7 /* Debug */,
				F8B49BF625993C2C005D91E7 /* Release */,
			);
			defaultConfigurationIsVisible = 0;
			defaultConfigurationName = Release;
		};
		F8B49DC3259A8A21005D91E7 /* Build configuration list for PBXNativeTarget "rosettaTest" */ = {
			isa = XCConfigurationList;
			buildConfigurations = (
				F8B49DC4259A8A21005D91E7 /* Debug */,
				F8B49DC5259A8A21005D91E7 /* Release */,
			);
			defaultConfigurationIsVisible = 0;
			defaultConfigurationName = Release;
		};
/* End XCConfigurationList section */
	};
	rootObject = F8B49BE525993C2C005D91E7 /* Project object */;
}
