// !$*UTF8*$!
{
	archiveVersion = 1;
	classes = {
	};
	objectVersion = 46;
	objects = {

/* Begin PBXAggregateTarget section */
		"Rosetta::RosettaPackageTests::ProductTarget" /* RosettaPackageTests */ = {
			isa = PBXAggregateTarget;
			buildConfigurationList = OBJ_139 /* Build configuration list for PBXAggregateTarget "RosettaPackageTests" */;
			buildPhases = (
			);
			dependencies = (
				OBJ_142 /* PBXTargetDependency */,
				OBJ_143 /* PBXTargetDependency */,
			);
			name = RosettaPackageTests;
			productName = RosettaPackageTests;
		};
/* End PBXAggregateTarget section */

/* Begin PBXBuildFile section */
		F86EF15B25B63B2000852143 /* MonkeyInfixParser.swift in Sources */ = {isa = PBXBuildFile; fileRef = F86EF15A25B63B2000852143 /* MonkeyInfixParser.swift */; };
		F86EF18725B63D3A00852143 /* MonkeyExpressionParser.swift in Sources */ = {isa = PBXBuildFile; fileRef = F86EF18625B63D3A00852143 /* MonkeyExpressionParser.swift */; };
		F86EF19225B644A200852143 /* CustomAsserts.swift in Sources */ = {isa = PBXBuildFile; fileRef = F86EF19125B644A200852143 /* CustomAsserts.swift */; };
		F875BE5E25B7208800D5EA65 /* BuiltinFunctionsTests.swift in Sources */ = {isa = PBXBuildFile; fileRef = F875BE5D25B7208800D5EA65 /* BuiltinFunctionsTests.swift */; };
		F875BE6725B7248300D5EA65 /* Utils.swift in Sources */ = {isa = PBXBuildFile; fileRef = F875BE6625B7248300D5EA65 /* Utils.swift */; };
		F875BE7025B72D0E00D5EA65 /* ParseLiteralsTests.swift in Sources */ = {isa = PBXBuildFile; fileRef = F875BE6F25B72D0E00D5EA65 /* ParseLiteralsTests.swift */; };
		F875BE8025B7525F00D5EA65 /* EvaluateOperationsTests.swift in Sources */ = {isa = PBXBuildFile; fileRef = F875BE7F25B7525F00D5EA65 /* EvaluateOperationsTests.swift */; };
		F875BE9025B7537200D5EA65 /* LexerTypesTests.swift in Sources */ = {isa = PBXBuildFile; fileRef = F875BE8F25B7537200D5EA65 /* LexerTypesTests.swift */; };
		F883BE1725B385DC00E9CA9F /* StringLiteral.swift in Sources */ = {isa = PBXBuildFile; fileRef = F883BE1625B385DC00E9CA9F /* StringLiteral.swift */; };
		F883BE2A25B3957D00E9CA9F /* Object.swift in Sources */ = {isa = PBXBuildFile; fileRef = F883BE2925B3957D00E9CA9F /* Object.swift */; };
		F883BE3325B3958600E9CA9F /* Null.swift in Sources */ = {isa = PBXBuildFile; fileRef = F883BE3225B3958600E9CA9F /* Null.swift */; };
		F883BE3C25B3958F00E9CA9F /* Integer.swift in Sources */ = {isa = PBXBuildFile; fileRef = F883BE3B25B3958F00E9CA9F /* Integer.swift */; };
		F883BE4525B3959800E9CA9F /* Boolean.swift in Sources */ = {isa = PBXBuildFile; fileRef = F883BE4425B3959800E9CA9F /* Boolean.swift */; };
		F883BE4E25B395F500E9CA9F /* Return.swift in Sources */ = {isa = PBXBuildFile; fileRef = F883BE4D25B395F500E9CA9F /* Return.swift */; };
		F883BE5725B3960700E9CA9F /* Function.swift in Sources */ = {isa = PBXBuildFile; fileRef = F883BE5625B3960700E9CA9F /* Function.swift */; };
		F883BE6025B3961700E9CA9F /* String.swift in Sources */ = {isa = PBXBuildFile; fileRef = F883BE5F25B3961700E9CA9F /* String.swift */; };
		F8B3F22925B87ADF00D729F0 /* HashLiteral.swift in Sources */ = {isa = PBXBuildFile; fileRef = F8B3F22825B87ADF00D729F0 /* HashLiteral.swift */; };
		F8B3F23225B8876C00D729F0 /* ParseHashLiteralsTests.swift in Sources */ = {isa = PBXBuildFile; fileRef = F8B3F23125B8876C00D729F0 /* ParseHashLiteralsTests.swift */; };
		F8B3F25725B8E0FB00D729F0 /* Hash.swift in Sources */ = {isa = PBXBuildFile; fileRef = F8B3F25625B8E0FB00D729F0 /* Hash.swift */; };
		F8B8093825B49A240042EDCC /* BuiltinFunction.swift in Sources */ = {isa = PBXBuildFile; fileRef = F8B8093725B49A240042EDCC /* BuiltinFunction.swift */; };
		F8B8094125B4A6510042EDCC /* ArrayLiteral.swift in Sources */ = {isa = PBXBuildFile; fileRef = F8B8094025B4A6510042EDCC /* ArrayLiteral.swift */; };
		F8B8094A25B4AC7B0042EDCC /* IndexExpression.swift in Sources */ = {isa = PBXBuildFile; fileRef = F8B8094925B4AC7B0042EDCC /* IndexExpression.swift */; };
		F8B8095A25B4B4B90042EDCC /* MArray.swift in Sources */ = {isa = PBXBuildFile; fileRef = F8B8095925B4B4B90042EDCC /* MArray.swift */; };
		F8C3471125BB30C4007DACD6 /* AssignStatement.swift in Sources */ = {isa = PBXBuildFile; fileRef = F8C3471025BB30C4007DACD6 /* AssignStatement.swift */; };
		F8C3472325BB6AD8007DACD6 /* DeclareStatement.swift in Sources */ = {isa = PBXBuildFile; fileRef = F8C3472225BB6AD8007DACD6 /* DeclareStatement.swift */; };
		OBJ_100 /* Types.swift in Sources */ = {isa = PBXBuildFile; fileRef = OBJ_32 /* Types.swift */; };
		OBJ_102 /* Rosetta.framework in Frameworks */ = {isa = PBXBuildFile; fileRef = "Rosetta::Rosetta::Product" /* Rosetta.framework */; };
		OBJ_109 /* MonkeyEvaluatorTests.swift in Sources */ = {isa = PBXBuildFile; fileRef = OBJ_47 /* MonkeyEvaluatorTests.swift */; };
		OBJ_110 /* MonkeyLexerTests.swift in Sources */ = {isa = PBXBuildFile; fileRef = OBJ_48 /* MonkeyLexerTests.swift */; };
		OBJ_111 /* MonkeyParserExpressionTests.swift in Sources */ = {isa = PBXBuildFile; fileRef = OBJ_49 /* MonkeyParserExpressionTests.swift */; };
		OBJ_112 /* MonkeyParserStatementsTests.swift in Sources */ = {isa = PBXBuildFile; fileRef = OBJ_50 /* MonkeyParserStatementsTests.swift */; };
		OBJ_113 /* XCTestManifests.swift in Sources */ = {isa = PBXBuildFile; fileRef = OBJ_51 /* XCTestManifests.swift */; };
		OBJ_115 /* MonkeyLang.framework in Frameworks */ = {isa = PBXBuildFile; fileRef = "Rosetta::MonkeyLang::Product" /* MonkeyLang.framework */; };
		OBJ_116 /* Rosetta.framework in Frameworks */ = {isa = PBXBuildFile; fileRef = "Rosetta::Rosetta::Product" /* Rosetta.framework */; };
		OBJ_123 /* Evaluator.swift in Sources */ = {isa = PBXBuildFile; fileRef = OBJ_35 /* Evaluator.swift */; };
		OBJ_124 /* Lexer.swift in Sources */ = {isa = PBXBuildFile; fileRef = OBJ_37 /* Lexer.swift */; };
		OBJ_125 /* StringExtensions.swift in Sources */ = {isa = PBXBuildFile; fileRef = OBJ_38 /* StringExtensions.swift */; };
		OBJ_126 /* Token.swift in Sources */ = {isa = PBXBuildFile; fileRef = OBJ_39 /* Token.swift */; };
		OBJ_127 /* Node.swift in Sources */ = {isa = PBXBuildFile; fileRef = OBJ_41 /* Node.swift */; };
		OBJ_128 /* ParseError.swift in Sources */ = {isa = PBXBuildFile; fileRef = OBJ_42 /* ParseError.swift */; };
		OBJ_129 /* Parser.swift in Sources */ = {isa = PBXBuildFile; fileRef = OBJ_43 /* Parser.swift */; };
		OBJ_130 /* Program.swift in Sources */ = {isa = PBXBuildFile; fileRef = OBJ_44 /* Program.swift */; };
		OBJ_137 /* Package.swift in Sources */ = {isa = PBXBuildFile; fileRef = OBJ_6 /* Package.swift */; };
		OBJ_149 /* LexerTests.swift in Sources */ = {isa = PBXBuildFile; fileRef = OBJ_53 /* LexerTests.swift */; };
		OBJ_150 /* StringExtensionsTests.swift in Sources */ = {isa = PBXBuildFile; fileRef = OBJ_54 /* StringExtensionsTests.swift */; };
		OBJ_151 /* XCTestManifests.swift in Sources */ = {isa = PBXBuildFile; fileRef = OBJ_55 /* XCTestManifests.swift */; };
		OBJ_153 /* Rosetta.framework in Frameworks */ = {isa = PBXBuildFile; fileRef = "Rosetta::Rosetta::Product" /* Rosetta.framework */; };
		OBJ_69 /* MonkeyRepl.swift in Sources */ = {isa = PBXBuildFile; fileRef = OBJ_9 /* MonkeyRepl.swift */; };
		OBJ_70 /* main.swift in Sources */ = {isa = PBXBuildFile; fileRef = OBJ_10 /* main.swift */; };
		OBJ_72 /* MonkeyLang.framework in Frameworks */ = {isa = PBXBuildFile; fileRef = "Rosetta::MonkeyLang::Product" /* MonkeyLang.framework */; };
		OBJ_73 /* Rosetta.framework in Frameworks */ = {isa = PBXBuildFile; fileRef = "Rosetta::Rosetta::Product" /* Rosetta.framework */; };
		OBJ_82 /* MonkeyEvaluator.swift in Sources */ = {isa = PBXBuildFile; fileRef = OBJ_12 /* MonkeyEvaluator.swift */; };
		OBJ_83 /* MonkeyEvaluatorErrors.swift in Sources */ = {isa = PBXBuildFile; fileRef = OBJ_13 /* MonkeyEvaluatorErrors.swift */; };
		OBJ_84 /* MonkeyLexer.swift in Sources */ = {isa = PBXBuildFile; fileRef = OBJ_14 /* MonkeyLexer.swift */; };
		OBJ_85 /* Tokens.swift in Sources */ = {isa = PBXBuildFile; fileRef = OBJ_15 /* Tokens.swift */; };
		OBJ_86 /* BlockStatement.swift in Sources */ = {isa = PBXBuildFile; fileRef = OBJ_17 /* BlockStatement.swift */; };
		OBJ_87 /* BooleanLiteral.swift in Sources */ = {isa = PBXBuildFile; fileRef = OBJ_18 /* BooleanLiteral.swift */; };
		OBJ_88 /* CallExpression.swift in Sources */ = {isa = PBXBuildFile; fileRef = OBJ_19 /* CallExpression.swift */; };
		OBJ_89 /* MonkeyPrefixParser.swift in Sources */ = {isa = PBXBuildFile; fileRef = OBJ_20 /* MonkeyPrefixParser.swift */; };
		OBJ_90 /* ExpressionStatement.swift in Sources */ = {isa = PBXBuildFile; fileRef = OBJ_21 /* ExpressionStatement.swift */; };
		OBJ_91 /* FunctionLiteral.swift in Sources */ = {isa = PBXBuildFile; fileRef = OBJ_22 /* FunctionLiteral.swift */; };
		OBJ_92 /* Identifier.swift in Sources */ = {isa = PBXBuildFile; fileRef = OBJ_23 /* Identifier.swift */; };
		OBJ_93 /* IfExpression.swift in Sources */ = {isa = PBXBuildFile; fileRef = OBJ_24 /* IfExpression.swift */; };
		OBJ_94 /* InfixExpression.swift in Sources */ = {isa = PBXBuildFile; fileRef = OBJ_25 /* InfixExpression.swift */; };
		OBJ_95 /* IntegerLiteral.swift in Sources */ = {isa = PBXBuildFile; fileRef = OBJ_26 /* IntegerLiteral.swift */; };
		OBJ_97 /* MonkeyParser.swift in Sources */ = {isa = PBXBuildFile; fileRef = OBJ_28 /* MonkeyParser.swift */; };
		OBJ_98 /* PrefixExpression.swift in Sources */ = {isa = PBXBuildFile; fileRef = OBJ_29 /* PrefixExpression.swift */; };
		OBJ_99 /* ReturnStatement.swift in Sources */ = {isa = PBXBuildFile; fileRef = OBJ_30 /* ReturnStatement.swift */; };
/* End PBXBuildFile section */

/* Begin PBXContainerItemProxy section */
		F883BE1025B3783100E9CA9F /* PBXContainerItemProxy */ = {
			isa = PBXContainerItemProxy;
			containerPortal = OBJ_1 /* Project object */;
			proxyType = 1;
			remoteGlobalIDString = "Rosetta::Rosetta";
			remoteInfo = Rosetta;
		};
		F883BE1125B3783100E9CA9F /* PBXContainerItemProxy */ = {
			isa = PBXContainerItemProxy;
			containerPortal = OBJ_1 /* Project object */;
			proxyType = 1;
			remoteGlobalIDString = "Rosetta::MonkeyLang";
			remoteInfo = MonkeyLang;
		};
		F883BE1225B3783100E9CA9F /* PBXContainerItemProxy */ = {
			isa = PBXContainerItemProxy;
			containerPortal = OBJ_1 /* Project object */;
			proxyType = 1;
			remoteGlobalIDString = "Rosetta::Rosetta";
			remoteInfo = Rosetta;
		};
		F883BE1325B3783100E9CA9F /* PBXContainerItemProxy */ = {
			isa = PBXContainerItemProxy;
			containerPortal = OBJ_1 /* Project object */;
			proxyType = 1;
			remoteGlobalIDString = "Rosetta::MonkeyLang";
			remoteInfo = MonkeyLang;
		};
		F883BE1425B3783100E9CA9F /* PBXContainerItemProxy */ = {
			isa = PBXContainerItemProxy;
			containerPortal = OBJ_1 /* Project object */;
			proxyType = 1;
			remoteGlobalIDString = "Rosetta::Rosetta";
			remoteInfo = Rosetta;
		};
		F883BE1525B3783100E9CA9F /* PBXContainerItemProxy */ = {
			isa = PBXContainerItemProxy;
			containerPortal = OBJ_1 /* Project object */;
			proxyType = 1;
			remoteGlobalIDString = "Rosetta::Rosetta";
			remoteInfo = Rosetta;
		};
		F883BE1D25B385DD00E9CA9F /* PBXContainerItemProxy */ = {
			isa = PBXContainerItemProxy;
			containerPortal = OBJ_1 /* Project object */;
			proxyType = 1;
			remoteGlobalIDString = "Rosetta::MonkeyTests";
			remoteInfo = MonkeyTests;
		};
		F883BE1E25B385DD00E9CA9F /* PBXContainerItemProxy */ = {
			isa = PBXContainerItemProxy;
			containerPortal = OBJ_1 /* Project object */;
			proxyType = 1;
			remoteGlobalIDString = "Rosetta::RosettaTests";
			remoteInfo = RosettaTests;
		};
/* End PBXContainerItemProxy section */

/* Begin PBXFileReference section */
		F86EF15A25B63B2000852143 /* MonkeyInfixParser.swift */ = {isa = PBXFileReference; lastKnownFileType = sourcecode.swift; path = MonkeyInfixParser.swift; sourceTree = "<group>"; };
		F86EF18625B63D3A00852143 /* MonkeyExpressionParser.swift */ = {isa = PBXFileReference; lastKnownFileType = sourcecode.swift; path = MonkeyExpressionParser.swift; sourceTree = "<group>"; };
		F86EF19125B644A200852143 /* CustomAsserts.swift */ = {isa = PBXFileReference; lastKnownFileType = sourcecode.swift; path = CustomAsserts.swift; sourceTree = "<group>"; };
		F875BE5D25B7208800D5EA65 /* BuiltinFunctionsTests.swift */ = {isa = PBXFileReference; lastKnownFileType = sourcecode.swift; path = BuiltinFunctionsTests.swift; sourceTree = "<group>"; };
		F875BE6625B7248300D5EA65 /* Utils.swift */ = {isa = PBXFileReference; lastKnownFileType = sourcecode.swift; path = Utils.swift; sourceTree = "<group>"; };
		F875BE6F25B72D0E00D5EA65 /* ParseLiteralsTests.swift */ = {isa = PBXFileReference; lastKnownFileType = sourcecode.swift; path = ParseLiteralsTests.swift; sourceTree = "<group>"; };
		F875BE7F25B7525F00D5EA65 /* EvaluateOperationsTests.swift */ = {isa = PBXFileReference; lastKnownFileType = sourcecode.swift; path = EvaluateOperationsTests.swift; sourceTree = "<group>"; };
		F875BE8F25B7537200D5EA65 /* LexerTypesTests.swift */ = {isa = PBXFileReference; lastKnownFileType = sourcecode.swift; path = LexerTypesTests.swift; sourceTree = "<group>"; };
		F883BE1625B385DC00E9CA9F /* StringLiteral.swift */ = {isa = PBXFileReference; lastKnownFileType = sourcecode.swift; path = StringLiteral.swift; sourceTree = "<group>"; };
		F883BE2925B3957D00E9CA9F /* Object.swift */ = {isa = PBXFileReference; lastKnownFileType = sourcecode.swift; path = Object.swift; sourceTree = "<group>"; };
		F883BE3225B3958600E9CA9F /* Null.swift */ = {isa = PBXFileReference; lastKnownFileType = sourcecode.swift; path = Null.swift; sourceTree = "<group>"; };
		F883BE3B25B3958F00E9CA9F /* Integer.swift */ = {isa = PBXFileReference; lastKnownFileType = sourcecode.swift; path = Integer.swift; sourceTree = "<group>"; };
		F883BE4425B3959800E9CA9F /* Boolean.swift */ = {isa = PBXFileReference; lastKnownFileType = sourcecode.swift; path = Boolean.swift; sourceTree = "<group>"; };
		F883BE4D25B395F500E9CA9F /* Return.swift */ = {isa = PBXFileReference; lastKnownFileType = sourcecode.swift; path = Return.swift; sourceTree = "<group>"; };
		F883BE5625B3960700E9CA9F /* Function.swift */ = {isa = PBXFileReference; lastKnownFileType = sourcecode.swift; path = Function.swift; sourceTree = "<group>"; };
		F883BE5F25B3961700E9CA9F /* String.swift */ = {isa = PBXFileReference; lastKnownFileType = sourcecode.swift; path = String.swift; sourceTree = "<group>"; };
		F8B3F22825B87ADF00D729F0 /* HashLiteral.swift */ = {isa = PBXFileReference; lastKnownFileType = sourcecode.swift; path = HashLiteral.swift; sourceTree = "<group>"; };
		F8B3F23125B8876C00D729F0 /* ParseHashLiteralsTests.swift */ = {isa = PBXFileReference; lastKnownFileType = sourcecode.swift; path = ParseHashLiteralsTests.swift; sourceTree = "<group>"; };
		F8B3F25625B8E0FB00D729F0 /* Hash.swift */ = {isa = PBXFileReference; lastKnownFileType = sourcecode.swift; path = Hash.swift; sourceTree = "<group>"; };
		F8B8093725B49A240042EDCC /* BuiltinFunction.swift */ = {isa = PBXFileReference; lastKnownFileType = sourcecode.swift; path = BuiltinFunction.swift; sourceTree = "<group>"; };
		F8B8094025B4A6510042EDCC /* ArrayLiteral.swift */ = {isa = PBXFileReference; lastKnownFileType = sourcecode.swift; path = ArrayLiteral.swift; sourceTree = "<group>"; };
		F8B8094925B4AC7B0042EDCC /* IndexExpression.swift */ = {isa = PBXFileReference; lastKnownFileType = sourcecode.swift; path = IndexExpression.swift; sourceTree = "<group>"; };
		F8B8095925B4B4B90042EDCC /* MArray.swift */ = {isa = PBXFileReference; lastKnownFileType = sourcecode.swift; path = MArray.swift; sourceTree = "<group>"; };
		F8C3471025BB30C4007DACD6 /* AssignStatement.swift */ = {isa = PBXFileReference; lastKnownFileType = sourcecode.swift; path = AssignStatement.swift; sourceTree = "<group>"; };
		F8C3472225BB6AD8007DACD6 /* DeclareStatement.swift */ = {isa = PBXFileReference; lastKnownFileType = sourcecode.swift; path = DeclareStatement.swift; sourceTree = "<group>"; };
		OBJ_10 /* main.swift */ = {isa = PBXFileReference; lastKnownFileType = sourcecode.swift; path = main.swift; sourceTree = "<group>"; };
		OBJ_12 /* MonkeyEvaluator.swift */ = {isa = PBXFileReference; lastKnownFileType = sourcecode.swift; path = MonkeyEvaluator.swift; sourceTree = "<group>"; };
		OBJ_13 /* MonkeyEvaluatorErrors.swift */ = {isa = PBXFileReference; lastKnownFileType = sourcecode.swift; path = MonkeyEvaluatorErrors.swift; sourceTree = "<group>"; };
		OBJ_14 /* MonkeyLexer.swift */ = {isa = PBXFileReference; lastKnownFileType = sourcecode.swift; path = MonkeyLexer.swift; sourceTree = "<group>"; };
		OBJ_15 /* Tokens.swift */ = {isa = PBXFileReference; lastKnownFileType = sourcecode.swift; path = Tokens.swift; sourceTree = "<group>"; };
		OBJ_17 /* BlockStatement.swift */ = {isa = PBXFileReference; lastKnownFileType = sourcecode.swift; path = BlockStatement.swift; sourceTree = "<group>"; };
		OBJ_18 /* BooleanLiteral.swift */ = {isa = PBXFileReference; lastKnownFileType = sourcecode.swift; path = BooleanLiteral.swift; sourceTree = "<group>"; };
		OBJ_19 /* CallExpression.swift */ = {isa = PBXFileReference; lastKnownFileType = sourcecode.swift; path = CallExpression.swift; sourceTree = "<group>"; };
		OBJ_20 /* MonkeyPrefixParser.swift */ = {isa = PBXFileReference; lastKnownFileType = sourcecode.swift; path = MonkeyPrefixParser.swift; sourceTree = "<group>"; };
		OBJ_21 /* ExpressionStatement.swift */ = {isa = PBXFileReference; lastKnownFileType = sourcecode.swift; path = ExpressionStatement.swift; sourceTree = "<group>"; };
		OBJ_22 /* FunctionLiteral.swift */ = {isa = PBXFileReference; lastKnownFileType = sourcecode.swift; path = FunctionLiteral.swift; sourceTree = "<group>"; };
		OBJ_23 /* Identifier.swift */ = {isa = PBXFileReference; lastKnownFileType = sourcecode.swift; path = Identifier.swift; sourceTree = "<group>"; };
		OBJ_24 /* IfExpression.swift */ = {isa = PBXFileReference; lastKnownFileType = sourcecode.swift; path = IfExpression.swift; sourceTree = "<group>"; };
		OBJ_25 /* InfixExpression.swift */ = {isa = PBXFileReference; lastKnownFileType = sourcecode.swift; path = InfixExpression.swift; sourceTree = "<group>"; };
		OBJ_26 /* IntegerLiteral.swift */ = {isa = PBXFileReference; lastKnownFileType = sourcecode.swift; path = IntegerLiteral.swift; sourceTree = "<group>"; };
		OBJ_28 /* MonkeyParser.swift */ = {isa = PBXFileReference; lastKnownFileType = sourcecode.swift; path = MonkeyParser.swift; sourceTree = "<group>"; };
		OBJ_29 /* PrefixExpression.swift */ = {isa = PBXFileReference; lastKnownFileType = sourcecode.swift; path = PrefixExpression.swift; sourceTree = "<group>"; };
		OBJ_30 /* ReturnStatement.swift */ = {isa = PBXFileReference; lastKnownFileType = sourcecode.swift; path = ReturnStatement.swift; sourceTree = "<group>"; };
		OBJ_32 /* Types.swift */ = {isa = PBXFileReference; lastKnownFileType = sourcecode.swift; path = Types.swift; sourceTree = "<group>"; };
		OBJ_35 /* Evaluator.swift */ = {isa = PBXFileReference; lastKnownFileType = sourcecode.swift; path = Evaluator.swift; sourceTree = "<group>"; };
		OBJ_37 /* Lexer.swift */ = {isa = PBXFileReference; lastKnownFileType = sourcecode.swift; path = Lexer.swift; sourceTree = "<group>"; };
		OBJ_38 /* StringExtensions.swift */ = {isa = PBXFileReference; lastKnownFileType = sourcecode.swift; path = StringExtensions.swift; sourceTree = "<group>"; };
		OBJ_39 /* Token.swift */ = {isa = PBXFileReference; lastKnownFileType = sourcecode.swift; path = Token.swift; sourceTree = "<group>"; };
		OBJ_41 /* Node.swift */ = {isa = PBXFileReference; lastKnownFileType = sourcecode.swift; path = Node.swift; sourceTree = "<group>"; };
		OBJ_42 /* ParseError.swift */ = {isa = PBXFileReference; lastKnownFileType = sourcecode.swift; path = ParseError.swift; sourceTree = "<group>"; };
		OBJ_43 /* Parser.swift */ = {isa = PBXFileReference; lastKnownFileType = sourcecode.swift; path = Parser.swift; sourceTree = "<group>"; };
		OBJ_44 /* Program.swift */ = {isa = PBXFileReference; lastKnownFileType = sourcecode.swift; path = Program.swift; sourceTree = "<group>"; };
		OBJ_47 /* MonkeyEvaluatorTests.swift */ = {isa = PBXFileReference; lastKnownFileType = sourcecode.swift; path = MonkeyEvaluatorTests.swift; sourceTree = "<group>"; };
		OBJ_48 /* MonkeyLexerTests.swift */ = {isa = PBXFileReference; lastKnownFileType = sourcecode.swift; path = MonkeyLexerTests.swift; sourceTree = "<group>"; };
		OBJ_49 /* MonkeyParserExpressionTests.swift */ = {isa = PBXFileReference; lastKnownFileType = sourcecode.swift; path = MonkeyParserExpressionTests.swift; sourceTree = "<group>"; };
		OBJ_50 /* MonkeyParserStatementsTests.swift */ = {isa = PBXFileReference; lastKnownFileType = sourcecode.swift; path = MonkeyParserStatementsTests.swift; sourceTree = "<group>"; };
		OBJ_51 /* XCTestManifests.swift */ = {isa = PBXFileReference; lastKnownFileType = sourcecode.swift; path = XCTestManifests.swift; sourceTree = "<group>"; };
		OBJ_53 /* LexerTests.swift */ = {isa = PBXFileReference; lastKnownFileType = sourcecode.swift; path = LexerTests.swift; sourceTree = "<group>"; };
		OBJ_54 /* StringExtensionsTests.swift */ = {isa = PBXFileReference; lastKnownFileType = sourcecode.swift; path = StringExtensionsTests.swift; sourceTree = "<group>"; };
		OBJ_55 /* XCTestManifests.swift */ = {isa = PBXFileReference; lastKnownFileType = sourcecode.swift; path = XCTestManifests.swift; sourceTree = "<group>"; };
		OBJ_6 /* Package.swift */ = {isa = PBXFileReference; explicitFileType = sourcecode.swift; path = Package.swift; sourceTree = "<group>"; };
		OBJ_62 /* scripts */ = {isa = PBXFileReference; lastKnownFileType = folder; path = scripts; sourceTree = SOURCE_ROOT; };
		OBJ_63 /* README.md */ = {isa = PBXFileReference; lastKnownFileType = net.daringfireball.markdown; path = README.md; sourceTree = "<group>"; };
		OBJ_9 /* MonkeyRepl.swift */ = {isa = PBXFileReference; lastKnownFileType = sourcecode.swift; path = MonkeyRepl.swift; sourceTree = "<group>"; };
		"Rosetta::Monkey::Product" /* Monkey */ = {isa = PBXFileReference; lastKnownFileType = text; path = Monkey; sourceTree = BUILT_PRODUCTS_DIR; };
		"Rosetta::MonkeyLang::Product" /* MonkeyLang.framework */ = {isa = PBXFileReference; lastKnownFileType = wrapper.framework; path = MonkeyLang.framework; sourceTree = BUILT_PRODUCTS_DIR; };
		"Rosetta::MonkeyTests::Product" /* MonkeyTests.xctest */ = {isa = PBXFileReference; lastKnownFileType = file; path = MonkeyTests.xctest; sourceTree = BUILT_PRODUCTS_DIR; };
		"Rosetta::Rosetta::Product" /* Rosetta.framework */ = {isa = PBXFileReference; lastKnownFileType = wrapper.framework; path = Rosetta.framework; sourceTree = BUILT_PRODUCTS_DIR; };
		"Rosetta::RosettaTests::Product" /* RosettaTests.xctest */ = {isa = PBXFileReference; lastKnownFileType = file; path = RosettaTests.xctest; sourceTree = BUILT_PRODUCTS_DIR; };
/* End PBXFileReference section */

/* Begin PBXFrameworksBuildPhase section */
		OBJ_101 /* Frameworks */ = {
			isa = PBXFrameworksBuildPhase;
			buildActionMask = 0;
			files = (
				OBJ_102 /* Rosetta.framework in Frameworks */,
			);
			runOnlyForDeploymentPostprocessing = 0;
		};
		OBJ_114 /* Frameworks */ = {
			isa = PBXFrameworksBuildPhase;
			buildActionMask = 0;
			files = (
				OBJ_115 /* MonkeyLang.framework in Frameworks */,
				OBJ_116 /* Rosetta.framework in Frameworks */,
			);
			runOnlyForDeploymentPostprocessing = 0;
		};
		OBJ_131 /* Frameworks */ = {
			isa = PBXFrameworksBuildPhase;
			buildActionMask = 0;
			files = (
			);
			runOnlyForDeploymentPostprocessing = 0;
		};
		OBJ_152 /* Frameworks */ = {
			isa = PBXFrameworksBuildPhase;
			buildActionMask = 0;
			files = (
				OBJ_153 /* Rosetta.framework in Frameworks */,
			);
			runOnlyForDeploymentPostprocessing = 0;
		};
		OBJ_71 /* Frameworks */ = {
			isa = PBXFrameworksBuildPhase;
			buildActionMask = 0;
			files = (
				OBJ_72 /* MonkeyLang.framework in Frameworks */,
				OBJ_73 /* Rosetta.framework in Frameworks */,
			);
			runOnlyForDeploymentPostprocessing = 0;
		};
/* End PBXFrameworksBuildPhase section */

/* Begin PBXGroup section */
		F86EF14A25B63A7500852143 /* evaluator */ = {
			isa = PBXGroup;
			children = (
				OBJ_12 /* MonkeyEvaluator.swift */,
				OBJ_13 /* MonkeyEvaluatorErrors.swift */,
			);
			path = evaluator;
			sourceTree = "<group>";
		};
		F86EF15225B63ACE00852143 /* parser */ = {
			isa = PBXGroup;
			children = (
				OBJ_28 /* MonkeyParser.swift */,
				OBJ_20 /* MonkeyPrefixParser.swift */,
				F86EF15A25B63B2000852143 /* MonkeyInfixParser.swift */,
				OBJ_16 /* ast */,
				F86EF18625B63D3A00852143 /* MonkeyExpressionParser.swift */,
			);
			path = parser;
			sourceTree = "<group>";
		};
		F86EF18F25B641C100852143 /* lexer */ = {
			isa = PBXGroup;
			children = (
				OBJ_14 /* MonkeyLexer.swift */,
				OBJ_15 /* Tokens.swift */,
			);
			path = lexer;
			sourceTree = "<group>";
		};
		F86EF19025B6448E00852143 /* utils */ = {
			isa = PBXGroup;
			children = (
				F86EF19125B644A200852143 /* CustomAsserts.swift */,
				F875BE6625B7248300D5EA65 /* Utils.swift */,
			);
			path = utils;
			sourceTree = "<group>";
		};
		OBJ_11 /* MonkeyLang */ = {
			isa = PBXGroup;
			children = (
				F86EF18F25B641C100852143 /* lexer */,
				F86EF15225B63ACE00852143 /* parser */,
				F86EF14A25B63A7500852143 /* evaluator */,
				OBJ_31 /* lang */,
			);
			name = MonkeyLang;
			path = Sources/Languages/Monkey/Lib;
			sourceTree = SOURCE_ROOT;
		};
		OBJ_16 /* ast */ = {
			isa = PBXGroup;
			children = (
				OBJ_17 /* BlockStatement.swift */,
				OBJ_18 /* BooleanLiteral.swift */,
				OBJ_19 /* CallExpression.swift */,
				OBJ_21 /* ExpressionStatement.swift */,
				OBJ_22 /* FunctionLiteral.swift */,
				OBJ_23 /* Identifier.swift */,
				OBJ_24 /* IfExpression.swift */,
				OBJ_25 /* InfixExpression.swift */,
				OBJ_26 /* IntegerLiteral.swift */,
				OBJ_29 /* PrefixExpression.swift */,
				OBJ_30 /* ReturnStatement.swift */,
				F883BE1625B385DC00E9CA9F /* StringLiteral.swift */,
				F8B8094025B4A6510042EDCC /* ArrayLiteral.swift */,
				F8B8094925B4AC7B0042EDCC /* IndexExpression.swift */,
				F8B3F22825B87ADF00D729F0 /* HashLiteral.swift */,
				F8C3471025BB30C4007DACD6 /* AssignStatement.swift */,
				F8C3472225BB6AD8007DACD6 /* DeclareStatement.swift */,
			);
			path = ast;
			sourceTree = "<group>";
		};
		OBJ_31 /* lang */ = {
			isa = PBXGroup;
			children = (
				OBJ_32 /* Types.swift */,
				F883BE2925B3957D00E9CA9F /* Object.swift */,
				F883BE3225B3958600E9CA9F /* Null.swift */,
				F883BE3B25B3958F00E9CA9F /* Integer.swift */,
				F883BE4425B3959800E9CA9F /* Boolean.swift */,
				F883BE4D25B395F500E9CA9F /* Return.swift */,
				F883BE5625B3960700E9CA9F /* Function.swift */,
				F883BE5F25B3961700E9CA9F /* String.swift */,
				F8B8093725B49A240042EDCC /* BuiltinFunction.swift */,
				F8B8095925B4B4B90042EDCC /* MArray.swift */,
				F8B3F25625B8E0FB00D729F0 /* Hash.swift */,
			);
			path = lang;
			sourceTree = "<group>";
		};
		OBJ_33 /* Rosetta */ = {
			isa = PBXGroup;
			children = (
				OBJ_34 /* evaluator */,
				OBJ_36 /* lexer */,
				OBJ_40 /* parser */,
			);
			name = Rosetta;
			path = Sources/Rosetta;
			sourceTree = SOURCE_ROOT;
		};
		OBJ_34 /* evaluator */ = {
			isa = PBXGroup;
			children = (
				OBJ_35 /* Evaluator.swift */,
			);
			path = evaluator;
			sourceTree = "<group>";
		};
		OBJ_36 /* lexer */ = {
			isa = PBXGroup;
			children = (
				OBJ_37 /* Lexer.swift */,
				OBJ_38 /* StringExtensions.swift */,
				OBJ_39 /* Token.swift */,
			);
			path = lexer;
			sourceTree = "<group>";
		};
		OBJ_40 /* parser */ = {
			isa = PBXGroup;
			children = (
				OBJ_41 /* Node.swift */,
				OBJ_42 /* ParseError.swift */,
				OBJ_43 /* Parser.swift */,
				OBJ_44 /* Program.swift */,
			);
			path = parser;
			sourceTree = "<group>";
		};
		OBJ_45 /* Tests */ = {
			isa = PBXGroup;
			children = (
				OBJ_46 /* MonkeyTests */,
				OBJ_52 /* RosettaTests */,
			);
			name = Tests;
			sourceTree = SOURCE_ROOT;
		};
		OBJ_46 /* MonkeyTests */ = {
			isa = PBXGroup;
			children = (
				F86EF19025B6448E00852143 /* utils */,
				OBJ_47 /* MonkeyEvaluatorTests.swift */,
				OBJ_48 /* MonkeyLexerTests.swift */,
				OBJ_49 /* MonkeyParserExpressionTests.swift */,
				OBJ_50 /* MonkeyParserStatementsTests.swift */,
				OBJ_51 /* XCTestManifests.swift */,
				F875BE5D25B7208800D5EA65 /* BuiltinFunctionsTests.swift */,
				F875BE6F25B72D0E00D5EA65 /* ParseLiteralsTests.swift */,
				F875BE7F25B7525F00D5EA65 /* EvaluateOperationsTests.swift */,
				F875BE8F25B7537200D5EA65 /* LexerTypesTests.swift */,
				F8B3F23125B8876C00D729F0 /* ParseHashLiteralsTests.swift */,
			);
			name = MonkeyTests;
			path = Tests/MonkeyTests;
			sourceTree = SOURCE_ROOT;
		};
		OBJ_5 = {
			isa = PBXGroup;
			children = (
				OBJ_6 /* Package.swift */,
				OBJ_7 /* Sources */,
				OBJ_45 /* Tests */,
				OBJ_56 /* Products */,
				OBJ_62 /* scripts */,
				OBJ_63 /* README.md */,
			);
			sourceTree = "<group>";
		};
		OBJ_52 /* RosettaTests */ = {
			isa = PBXGroup;
			children = (
				OBJ_53 /* LexerTests.swift */,
				OBJ_54 /* StringExtensionsTests.swift */,
				OBJ_55 /* XCTestManifests.swift */,
			);
			name = RosettaTests;
			path = Tests/RosettaTests;
			sourceTree = SOURCE_ROOT;
		};
		OBJ_56 /* Products */ = {
			isa = PBXGroup;
			children = (
				"Rosetta::Monkey::Product" /* Monkey */,
				"Rosetta::RosettaTests::Product" /* RosettaTests.xctest */,
				"Rosetta::Rosetta::Product" /* Rosetta.framework */,
				"Rosetta::MonkeyTests::Product" /* MonkeyTests.xctest */,
				"Rosetta::MonkeyLang::Product" /* MonkeyLang.framework */,
			);
			name = Products;
			sourceTree = BUILT_PRODUCTS_DIR;
		};
		OBJ_7 /* Sources */ = {
			isa = PBXGroup;
			children = (
				OBJ_8 /* Monkey */,
				OBJ_11 /* MonkeyLang */,
				OBJ_33 /* Rosetta */,
			);
			name = Sources;
			sourceTree = SOURCE_ROOT;
		};
		OBJ_8 /* Monkey */ = {
			isa = PBXGroup;
			children = (
				OBJ_9 /* MonkeyRepl.swift */,
				OBJ_10 /* main.swift */,
			);
			name = Monkey;
			path = Sources/Languages/Monkey/Repl;
			sourceTree = SOURCE_ROOT;
		};
/* End PBXGroup section */

/* Begin PBXNativeTarget section */
		"Rosetta::Monkey" /* Monkey */ = {
			isa = PBXNativeTarget;
			buildConfigurationList = OBJ_65 /* Build configuration list for PBXNativeTarget "Monkey" */;
			buildPhases = (
				OBJ_68 /* Sources */,
				OBJ_71 /* Frameworks */,
				F883BE2125B386BA00E9CA9F /* Lint */,
			);
			buildRules = (
			);
			dependencies = (
				OBJ_74 /* PBXTargetDependency */,
				OBJ_76 /* PBXTargetDependency */,
			);
			name = Monkey;
			productName = Monkey;
			productReference = "Rosetta::Monkey::Product" /* Monkey */;
			productType = "com.apple.product-type.tool";
		};
		"Rosetta::MonkeyLang" /* MonkeyLang */ = {
			isa = PBXNativeTarget;
			buildConfigurationList = OBJ_78 /* Build configuration list for PBXNativeTarget "MonkeyLang" */;
			buildPhases = (
				OBJ_81 /* Sources */,
				OBJ_101 /* Frameworks */,
			);
			buildRules = (
			);
			dependencies = (
				OBJ_103 /* PBXTargetDependency */,
			);
			name = MonkeyLang;
			productName = MonkeyLang;
			productReference = "Rosetta::MonkeyLang::Product" /* MonkeyLang.framework */;
			productType = "com.apple.product-type.framework";
		};
		"Rosetta::MonkeyTests" /* MonkeyTests */ = {
			isa = PBXNativeTarget;
			buildConfigurationList = OBJ_105 /* Build configuration list for PBXNativeTarget "MonkeyTests" */;
			buildPhases = (
				OBJ_108 /* Sources */,
				OBJ_114 /* Frameworks */,
			);
			buildRules = (
			);
			dependencies = (
				OBJ_117 /* PBXTargetDependency */,
				OBJ_118 /* PBXTargetDependency */,
			);
			name = MonkeyTests;
			productName = MonkeyTests;
			productReference = "Rosetta::MonkeyTests::Product" /* MonkeyTests.xctest */;
			productType = "com.apple.product-type.bundle.unit-test";
		};
		"Rosetta::Rosetta" /* Rosetta */ = {
			isa = PBXNativeTarget;
			buildConfigurationList = OBJ_119 /* Build configuration list for PBXNativeTarget "Rosetta" */;
			buildPhases = (
				OBJ_122 /* Sources */,
				OBJ_131 /* Frameworks */,
			);
			buildRules = (
			);
			dependencies = (
			);
			name = Rosetta;
			productName = Rosetta;
			productReference = "Rosetta::Rosetta::Product" /* Rosetta.framework */;
			productType = "com.apple.product-type.framework";
		};
		"Rosetta::RosettaTests" /* RosettaTests */ = {
			isa = PBXNativeTarget;
			buildConfigurationList = OBJ_145 /* Build configuration list for PBXNativeTarget "RosettaTests" */;
			buildPhases = (
				OBJ_148 /* Sources */,
				OBJ_152 /* Frameworks */,
			);
			buildRules = (
			);
			dependencies = (
				OBJ_154 /* PBXTargetDependency */,
			);
			name = RosettaTests;
			productName = RosettaTests;
			productReference = "Rosetta::RosettaTests::Product" /* RosettaTests.xctest */;
			productType = "com.apple.product-type.bundle.unit-test";
		};
		"Rosetta::SwiftPMPackageDescription" /* RosettaPackageDescription */ = {
			isa = PBXNativeTarget;
			buildConfigurationList = OBJ_133 /* Build configuration list for PBXNativeTarget "RosettaPackageDescription" */;
			buildPhases = (
				OBJ_136 /* Sources */,
			);
			buildRules = (
			);
			dependencies = (
			);
			name = RosettaPackageDescription;
			productName = RosettaPackageDescription;
			productType = "com.apple.product-type.framework";
		};
/* End PBXNativeTarget section */

/* Begin PBXProject section */
		OBJ_1 /* Project object */ = {
			isa = PBXProject;
			attributes = {
				LastSwiftMigration = 9999;
				LastUpgradeCheck = 9999;
			};
			buildConfigurationList = OBJ_2 /* Build configuration list for PBXProject "Rosetta" */;
			compatibilityVersion = "Xcode 3.2";
			developmentRegion = en;
			hasScannedForEncodings = 0;
			knownRegions = (
				en,
			);
			mainGroup = OBJ_5;
			productRefGroup = OBJ_56 /* Products */;
			projectDirPath = "";
			projectRoot = "";
			targets = (
				"Rosetta::Monkey" /* Monkey */,
				"Rosetta::MonkeyLang" /* MonkeyLang */,
				"Rosetta::MonkeyTests" /* MonkeyTests */,
				"Rosetta::Rosetta" /* Rosetta */,
				"Rosetta::SwiftPMPackageDescription" /* RosettaPackageDescription */,
				"Rosetta::RosettaPackageTests::ProductTarget" /* RosettaPackageTests */,
				"Rosetta::RosettaTests" /* RosettaTests */,
			);
		};
/* End PBXProject section */

/* Begin PBXShellScriptBuildPhase section */
		F883BE2125B386BA00E9CA9F /* Lint */ = {
			isa = PBXShellScriptBuildPhase;
			buildActionMask = 2147483647;
			files = (
			);
			inputFileListPaths = (
			);
			inputPaths = (
			);
			name = Lint;
			outputFileListPaths = (
			);
			outputPaths = (
			);
			runOnlyForDeploymentPostprocessing = 0;
			shellPath = /bin/sh;
			shellScript = "if which swiftlint >/dev/null; then\n  swiftlint\nelse\n  echo \"warning: SwiftLint not installed, download from https://github.com/realm/SwiftLint\"\nfi\n";
		};
/* End PBXShellScriptBuildPhase section */

/* Begin PBXSourcesBuildPhase section */
		OBJ_108 /* Sources */ = {
			isa = PBXSourcesBuildPhase;
			buildActionMask = 0;
			files = (
				F875BE5E25B7208800D5EA65 /* BuiltinFunctionsTests.swift in Sources */,
				OBJ_109 /* MonkeyEvaluatorTests.swift in Sources */,
				F875BE8025B7525F00D5EA65 /* EvaluateOperationsTests.swift in Sources */,
				F86EF19225B644A200852143 /* CustomAsserts.swift in Sources */,
				F875BE7025B72D0E00D5EA65 /* ParseLiteralsTests.swift in Sources */,
				F8B3F23225B8876C00D729F0 /* ParseHashLiteralsTests.swift in Sources */,
				OBJ_110 /* MonkeyLexerTests.swift in Sources */,
				OBJ_111 /* MonkeyParserExpressionTests.swift in Sources */,
				OBJ_112 /* MonkeyParserStatementsTests.swift in Sources */,
				OBJ_113 /* XCTestManifests.swift in Sources */,
				F875BE9025B7537200D5EA65 /* LexerTypesTests.swift in Sources */,
				F875BE6725B7248300D5EA65 /* Utils.swift in Sources */,
			);
			runOnlyForDeploymentPostprocessing = 0;
		};
		OBJ_122 /* Sources */ = {
			isa = PBXSourcesBuildPhase;
			buildActionMask = 0;
			files = (
				OBJ_123 /* Evaluator.swift in Sources */,
				OBJ_124 /* Lexer.swift in Sources */,
				OBJ_125 /* StringExtensions.swift in Sources */,
				OBJ_126 /* Token.swift in Sources */,
				OBJ_127 /* Node.swift in Sources */,
				OBJ_128 /* ParseError.swift in Sources */,
				OBJ_129 /* Parser.swift in Sources */,
				OBJ_130 /* Program.swift in Sources */,
			);
			runOnlyForDeploymentPostprocessing = 0;
		};
		OBJ_136 /* Sources */ = {
			isa = PBXSourcesBuildPhase;
			buildActionMask = 0;
			files = (
				OBJ_137 /* Package.swift in Sources */,
			);
			runOnlyForDeploymentPostprocessing = 0;
		};
		OBJ_148 /* Sources */ = {
			isa = PBXSourcesBuildPhase;
			buildActionMask = 0;
			files = (
				OBJ_149 /* LexerTests.swift in Sources */,
				OBJ_150 /* StringExtensionsTests.swift in Sources */,
				OBJ_151 /* XCTestManifests.swift in Sources */,
			);
			runOnlyForDeploymentPostprocessing = 0;
		};
		OBJ_68 /* Sources */ = {
			isa = PBXSourcesBuildPhase;
			buildActionMask = 0;
			files = (
				OBJ_69 /* MonkeyRepl.swift in Sources */,
				OBJ_70 /* main.swift in Sources */,
			);
			runOnlyForDeploymentPostprocessing = 0;
		};
		OBJ_81 /* Sources */ = {
			isa = PBXSourcesBuildPhase;
			buildActionMask = 0;
			files = (
				F86EF18725B63D3A00852143 /* MonkeyExpressionParser.swift in Sources */,
				OBJ_82 /* MonkeyEvaluator.swift in Sources */,
				OBJ_83 /* MonkeyEvaluatorErrors.swift in Sources */,
				OBJ_84 /* MonkeyLexer.swift in Sources */,
				F8C3472325BB6AD8007DACD6 /* DeclareStatement.swift in Sources */,
				F883BE6025B3961700E9CA9F /* String.swift in Sources */,
				OBJ_85 /* Tokens.swift in Sources */,
				F883BE4E25B395F500E9CA9F /* Return.swift in Sources */,
				OBJ_86 /* BlockStatement.swift in Sources */,
				F883BE3C25B3958F00E9CA9F /* Integer.swift in Sources */,
				F8B8094A25B4AC7B0042EDCC /* IndexExpression.swift in Sources */,
				OBJ_87 /* BooleanLiteral.swift in Sources */,
				F883BE3325B3958600E9CA9F /* Null.swift in Sources */,
				OBJ_88 /* CallExpression.swift in Sources */,
				OBJ_89 /* MonkeyPrefixParser.swift in Sources */,
				F8C3471125BB30C4007DACD6 /* AssignStatement.swift in Sources */,
				OBJ_90 /* ExpressionStatement.swift in Sources */,
				OBJ_91 /* FunctionLiteral.swift in Sources */,
				F883BE2A25B3957D00E9CA9F /* Object.swift in Sources */,
				F86EF15B25B63B2000852143 /* MonkeyInfixParser.swift in Sources */,
				OBJ_92 /* Identifier.swift in Sources */,
				F883BE5725B3960700E9CA9F /* Function.swift in Sources */,
				F8B3F25725B8E0FB00D729F0 /* Hash.swift in Sources */,
				OBJ_93 /* IfExpression.swift in Sources */,
				OBJ_94 /* InfixExpression.swift in Sources */,
				F8B8095A25B4B4B90042EDCC /* MArray.swift in Sources */,
				F883BE4525B3959800E9CA9F /* Boolean.swift in Sources */,
				OBJ_95 /* IntegerLiteral.swift in Sources */,
				F8B8093825B49A240042EDCC /* BuiltinFunction.swift in Sources */,
				F8B8094125B4A6510042EDCC /* ArrayLiteral.swift in Sources */,
				F8B3F22925B87ADF00D729F0 /* HashLiteral.swift in Sources */,
				F883BE1725B385DC00E9CA9F /* StringLiteral.swift in Sources */,
				OBJ_97 /* MonkeyParser.swift in Sources */,
				OBJ_98 /* PrefixExpression.swift in Sources */,
				OBJ_99 /* ReturnStatement.swift in Sources */,
				OBJ_100 /* Types.swift in Sources */,
			);
			runOnlyForDeploymentPostprocessing = 0;
		};
/* End PBXSourcesBuildPhase section */

/* Begin PBXTargetDependency section */
		OBJ_103 /* PBXTargetDependency */ = {
			isa = PBXTargetDependency;
			target = "Rosetta::Rosetta" /* Rosetta */;
			targetProxy = F883BE1025B3783100E9CA9F /* PBXContainerItemProxy */;
		};
		OBJ_117 /* PBXTargetDependency */ = {
			isa = PBXTargetDependency;
			target = "Rosetta::MonkeyLang" /* MonkeyLang */;
			targetProxy = F883BE1325B3783100E9CA9F /* PBXContainerItemProxy */;
		};
		OBJ_118 /* PBXTargetDependency */ = {
			isa = PBXTargetDependency;
			target = "Rosetta::Rosetta" /* Rosetta */;
			targetProxy = F883BE1425B3783100E9CA9F /* PBXContainerItemProxy */;
		};
		OBJ_142 /* PBXTargetDependency */ = {
			isa = PBXTargetDependency;
			target = "Rosetta::MonkeyTests" /* MonkeyTests */;
			targetProxy = F883BE1D25B385DD00E9CA9F /* PBXContainerItemProxy */;
		};
		OBJ_143 /* PBXTargetDependency */ = {
			isa = PBXTargetDependency;
			target = "Rosetta::RosettaTests" /* RosettaTests */;
			targetProxy = F883BE1E25B385DD00E9CA9F /* PBXContainerItemProxy */;
		};
		OBJ_154 /* PBXTargetDependency */ = {
			isa = PBXTargetDependency;
			target = "Rosetta::Rosetta" /* Rosetta */;
			targetProxy = F883BE1525B3783100E9CA9F /* PBXContainerItemProxy */;
		};
		OBJ_74 /* PBXTargetDependency */ = {
			isa = PBXTargetDependency;
			target = "Rosetta::MonkeyLang" /* MonkeyLang */;
			targetProxy = F883BE1125B3783100E9CA9F /* PBXContainerItemProxy */;
		};
		OBJ_76 /* PBXTargetDependency */ = {
			isa = PBXTargetDependency;
			target = "Rosetta::Rosetta" /* Rosetta */;
			targetProxy = F883BE1225B3783100E9CA9F /* PBXContainerItemProxy */;
		};
/* End PBXTargetDependency section */

/* Begin XCBuildConfiguration section */
		OBJ_106 /* Debug */ = {
			isa = XCBuildConfiguration;
			buildSettings = {
				CLANG_ENABLE_MODULES = YES;
				EMBEDDED_CONTENT_CONTAINS_SWIFT = YES;
				FRAMEWORK_SEARCH_PATHS = (
					"$(inherited)",
					"$(PLATFORM_DIR)/Developer/Library/Frameworks",
				);
				HEADER_SEARCH_PATHS = "$(inherited)";
				INFOPLIST_FILE = Rosetta.xcodeproj/MonkeyTests_Info.plist;
				IPHONEOS_DEPLOYMENT_TARGET = 14.0;
				LD_RUNPATH_SEARCH_PATHS = "$(inherited) @loader_path/../Frameworks @loader_path/Frameworks";
				MACOSX_DEPLOYMENT_TARGET = 10.15;
				OTHER_CFLAGS = "$(inherited)";
				OTHER_LDFLAGS = "$(inherited)";
				OTHER_SWIFT_FLAGS = "$(inherited)";
				SWIFT_ACTIVE_COMPILATION_CONDITIONS = "$(inherited)";
				SWIFT_VERSION = 5.0;
				TARGET_NAME = MonkeyTests;
				TVOS_DEPLOYMENT_TARGET = 9.0;
				WATCHOS_DEPLOYMENT_TARGET = 2.0;
			};
			name = Debug;
		};
		OBJ_107 /* Release */ = {
			isa = XCBuildConfiguration;
			buildSettings = {
				CLANG_ENABLE_MODULES = YES;
				EMBEDDED_CONTENT_CONTAINS_SWIFT = YES;
				FRAMEWORK_SEARCH_PATHS = (
					"$(inherited)",
					"$(PLATFORM_DIR)/Developer/Library/Frameworks",
				);
				HEADER_SEARCH_PATHS = "$(inherited)";
				INFOPLIST_FILE = Rosetta.xcodeproj/MonkeyTests_Info.plist;
				IPHONEOS_DEPLOYMENT_TARGET = 14.0;
				LD_RUNPATH_SEARCH_PATHS = "$(inherited) @loader_path/../Frameworks @loader_path/Frameworks";
				MACOSX_DEPLOYMENT_TARGET = 10.15;
				OTHER_CFLAGS = "$(inherited)";
				OTHER_LDFLAGS = "$(inherited)";
				OTHER_SWIFT_FLAGS = "$(inherited)";
				SWIFT_ACTIVE_COMPILATION_CONDITIONS = "$(inherited)";
				SWIFT_VERSION = 5.0;
				TARGET_NAME = MonkeyTests;
				TVOS_DEPLOYMENT_TARGET = 9.0;
				WATCHOS_DEPLOYMENT_TARGET = 2.0;
			};
			name = Release;
		};
		OBJ_120 /* Debug */ = {
			isa = XCBuildConfiguration;
			buildSettings = {
				ENABLE_TESTABILITY = YES;
				FRAMEWORK_SEARCH_PATHS = (
					"$(inherited)",
					"$(PLATFORM_DIR)/Developer/Library/Frameworks",
				);
				HEADER_SEARCH_PATHS = "$(inherited)";
				INFOPLIST_FILE = Rosetta.xcodeproj/Rosetta_Info.plist;
				IPHONEOS_DEPLOYMENT_TARGET = 9.0;
				LD_RUNPATH_SEARCH_PATHS = "$(inherited) $(TOOLCHAIN_DIR)/usr/lib/swift/macosx";
				MACOSX_DEPLOYMENT_TARGET = 10.10;
				OTHER_CFLAGS = "$(inherited)";
				OTHER_LDFLAGS = "$(inherited)";
				OTHER_SWIFT_FLAGS = "$(inherited)";
				PRODUCT_BUNDLE_IDENTIFIER = Rosetta;
				PRODUCT_MODULE_NAME = "$(TARGET_NAME:c99extidentifier)";
				PRODUCT_NAME = "$(TARGET_NAME:c99extidentifier)";
				SKIP_INSTALL = YES;
				SWIFT_ACTIVE_COMPILATION_CONDITIONS = "$(inherited)";
				SWIFT_VERSION = 5.0;
				TARGET_NAME = Rosetta;
				TVOS_DEPLOYMENT_TARGET = 9.0;
				WATCHOS_DEPLOYMENT_TARGET = 2.0;
			};
			name = Debug;
		};
		OBJ_121 /* Release */ = {
			isa = XCBuildConfiguration;
			buildSettings = {
				ENABLE_TESTABILITY = YES;
				FRAMEWORK_SEARCH_PATHS = (
					"$(inherited)",
					"$(PLATFORM_DIR)/Developer/Library/Frameworks",
				);
				HEADER_SEARCH_PATHS = "$(inherited)";
				INFOPLIST_FILE = Rosetta.xcodeproj/Rosetta_Info.plist;
				IPHONEOS_DEPLOYMENT_TARGET = 9.0;
				LD_RUNPATH_SEARCH_PATHS = "$(inherited) $(TOOLCHAIN_DIR)/usr/lib/swift/macosx";
				MACOSX_DEPLOYMENT_TARGET = 10.10;
				OTHER_CFLAGS = "$(inherited)";
				OTHER_LDFLAGS = "$(inherited)";
				OTHER_SWIFT_FLAGS = "$(inherited)";
				PRODUCT_BUNDLE_IDENTIFIER = Rosetta;
				PRODUCT_MODULE_NAME = "$(TARGET_NAME:c99extidentifier)";
				PRODUCT_NAME = "$(TARGET_NAME:c99extidentifier)";
				SKIP_INSTALL = YES;
				SWIFT_ACTIVE_COMPILATION_CONDITIONS = "$(inherited)";
				SWIFT_VERSION = 5.0;
				TARGET_NAME = Rosetta;
				TVOS_DEPLOYMENT_TARGET = 9.0;
				WATCHOS_DEPLOYMENT_TARGET = 2.0;
			};
			name = Release;
		};
		OBJ_134 /* Debug */ = {
			isa = XCBuildConfiguration;
			buildSettings = {
				LD = /usr/bin/true;
				OTHER_SWIFT_FLAGS = "-swift-version 5 -I $(TOOLCHAIN_DIR)/usr/lib/swift/pm/4_2 -sdk /Applications/Xcode.app/Contents/Developer/Platforms/MacOSX.platform/Developer/SDKs/MacOSX11.1.sdk -package-description-version 5.3.0";
				SWIFT_VERSION = 5.0;
			};
			name = Debug;
		};
		OBJ_135 /* Release */ = {
			isa = XCBuildConfiguration;
			buildSettings = {
				LD = /usr/bin/true;
				OTHER_SWIFT_FLAGS = "-swift-version 5 -I $(TOOLCHAIN_DIR)/usr/lib/swift/pm/4_2 -sdk /Applications/Xcode.app/Contents/Developer/Platforms/MacOSX.platform/Developer/SDKs/MacOSX11.1.sdk -package-description-version 5.3.0";
				SWIFT_VERSION = 5.0;
			};
			name = Release;
		};
		OBJ_140 /* Debug */ = {
			isa = XCBuildConfiguration;
			buildSettings = {
			};
			name = Debug;
		};
		OBJ_141 /* Release */ = {
			isa = XCBuildConfiguration;
			buildSettings = {
			};
			name = Release;
		};
		OBJ_146 /* Debug */ = {
			isa = XCBuildConfiguration;
			buildSettings = {
				CLANG_ENABLE_MODULES = YES;
				EMBEDDED_CONTENT_CONTAINS_SWIFT = YES;
				FRAMEWORK_SEARCH_PATHS = (
					"$(inherited)",
					"$(PLATFORM_DIR)/Developer/Library/Frameworks",
				);
				HEADER_SEARCH_PATHS = "$(inherited)";
				INFOPLIST_FILE = Rosetta.xcodeproj/RosettaTests_Info.plist;
				IPHONEOS_DEPLOYMENT_TARGET = 14.0;
				LD_RUNPATH_SEARCH_PATHS = "$(inherited) @loader_path/../Frameworks @loader_path/Frameworks";
				MACOSX_DEPLOYMENT_TARGET = 10.15;
				OTHER_CFLAGS = "$(inherited)";
				OTHER_LDFLAGS = "$(inherited)";
				OTHER_SWIFT_FLAGS = "$(inherited)";
				SWIFT_ACTIVE_COMPILATION_CONDITIONS = "$(inherited)";
				SWIFT_VERSION = 5.0;
				TARGET_NAME = RosettaTests;
				TVOS_DEPLOYMENT_TARGET = 9.0;
				WATCHOS_DEPLOYMENT_TARGET = 2.0;
			};
			name = Debug;
		};
		OBJ_147 /* Release */ = {
			isa = XCBuildConfiguration;
			buildSettings = {
				CLANG_ENABLE_MODULES = YES;
				EMBEDDED_CONTENT_CONTAINS_SWIFT = YES;
				FRAMEWORK_SEARCH_PATHS = (
					"$(inherited)",
					"$(PLATFORM_DIR)/Developer/Library/Frameworks",
				);
				HEADER_SEARCH_PATHS = "$(inherited)";
				INFOPLIST_FILE = Rosetta.xcodeproj/RosettaTests_Info.plist;
				IPHONEOS_DEPLOYMENT_TARGET = 14.0;
				LD_RUNPATH_SEARCH_PATHS = "$(inherited) @loader_path/../Frameworks @loader_path/Frameworks";
				MACOSX_DEPLOYMENT_TARGET = 10.15;
				OTHER_CFLAGS = "$(inherited)";
				OTHER_LDFLAGS = "$(inherited)";
				OTHER_SWIFT_FLAGS = "$(inherited)";
				SWIFT_ACTIVE_COMPILATION_CONDITIONS = "$(inherited)";
				SWIFT_VERSION = 5.0;
				TARGET_NAME = RosettaTests;
				TVOS_DEPLOYMENT_TARGET = 9.0;
				WATCHOS_DEPLOYMENT_TARGET = 2.0;
			};
			name = Release;
		};
		OBJ_3 /* Debug */ = {
			isa = XCBuildConfiguration;
			buildSettings = {
				CLANG_ENABLE_OBJC_ARC = YES;
				COMBINE_HIDPI_IMAGES = YES;
				COPY_PHASE_STRIP = NO;
				DEBUG_INFORMATION_FORMAT = dwarf;
				DYLIB_INSTALL_NAME_BASE = "@rpath";
				ENABLE_NS_ASSERTIONS = YES;
				GCC_OPTIMIZATION_LEVEL = 0;
				GCC_PREPROCESSOR_DEFINITIONS = (
					"$(inherited)",
					"SWIFT_PACKAGE=1",
					"DEBUG=1",
				);
				MACOSX_DEPLOYMENT_TARGET = 10.10;
				ONLY_ACTIVE_ARCH = YES;
				OTHER_SWIFT_FLAGS = "$(inherited) -DXcode";
				PRODUCT_NAME = "$(TARGET_NAME)";
				SDKROOT = macosx;
				SUPPORTED_PLATFORMS = "macosx iphoneos iphonesimulator appletvos appletvsimulator watchos watchsimulator";
				SWIFT_ACTIVE_COMPILATION_CONDITIONS = "$(inherited) SWIFT_PACKAGE DEBUG";
				SWIFT_OPTIMIZATION_LEVEL = "-Onone";
				USE_HEADERMAP = NO;
			};
			name = Debug;
		};
		OBJ_4 /* Release */ = {
			isa = XCBuildConfiguration;
			buildSettings = {
				CLANG_ENABLE_OBJC_ARC = YES;
				COMBINE_HIDPI_IMAGES = YES;
				COPY_PHASE_STRIP = YES;
				DEBUG_INFORMATION_FORMAT = "dwarf-with-dsym";
				DYLIB_INSTALL_NAME_BASE = "@rpath";
				GCC_OPTIMIZATION_LEVEL = s;
				GCC_PREPROCESSOR_DEFINITIONS = (
					"$(inherited)",
					"SWIFT_PACKAGE=1",
				);
				MACOSX_DEPLOYMENT_TARGET = 10.10;
				OTHER_SWIFT_FLAGS = "$(inherited) -DXcode";
				PRODUCT_NAME = "$(TARGET_NAME)";
				SDKROOT = macosx;
				SUPPORTED_PLATFORMS = "macosx iphoneos iphonesimulator appletvos appletvsimulator watchos watchsimulator";
				SWIFT_ACTIVE_COMPILATION_CONDITIONS = "$(inherited) SWIFT_PACKAGE";
				SWIFT_OPTIMIZATION_LEVEL = "-Owholemodule";
				USE_HEADERMAP = NO;
			};
			name = Release;
		};
		OBJ_66 /* Debug */ = {
			isa = XCBuildConfiguration;
			buildSettings = {
				FRAMEWORK_SEARCH_PATHS = (
					"$(inherited)",
					"$(PLATFORM_DIR)/Developer/Library/Frameworks",
				);
				HEADER_SEARCH_PATHS = "$(inherited)";
				INFOPLIST_FILE = Rosetta.xcodeproj/Monkey_Info.plist;
				IPHONEOS_DEPLOYMENT_TARGET = 9.0;
				LD_RUNPATH_SEARCH_PATHS = "$(inherited) $(TOOLCHAIN_DIR)/usr/lib/swift/macosx @executable_path";
				MACOSX_DEPLOYMENT_TARGET = 10.10;
				OTHER_CFLAGS = "$(inherited)";
				OTHER_LDFLAGS = "$(inherited)";
				OTHER_SWIFT_FLAGS = "$(inherited)";
				SWIFT_ACTIVE_COMPILATION_CONDITIONS = "$(inherited)";
				SWIFT_FORCE_DYNAMIC_LINK_STDLIB = YES;
				SWIFT_FORCE_STATIC_LINK_STDLIB = NO;
				SWIFT_VERSION = 5.0;
				TARGET_NAME = Monkey;
				TVOS_DEPLOYMENT_TARGET = 9.0;
				WATCHOS_DEPLOYMENT_TARGET = 2.0;
			};
			name = Debug;
		};
		OBJ_67 /* Release */ = {
			isa = XCBuildConfiguration;
			buildSettings = {
				FRAMEWORK_SEARCH_PATHS = (
					"$(inherited)",
					"$(PLATFORM_DIR)/Developer/Library/Frameworks",
				);
				HEADER_SEARCH_PATHS = "$(inherited)";
				INFOPLIST_FILE = Rosetta.xcodeproj/Monkey_Info.plist;
				IPHONEOS_DEPLOYMENT_TARGET = 9.0;
				LD_RUNPATH_SEARCH_PATHS = "$(inherited) $(TOOLCHAIN_DIR)/usr/lib/swift/macosx @executable_path";
				MACOSX_DEPLOYMENT_TARGET = 10.10;
				OTHER_CFLAGS = "$(inherited)";
				OTHER_LDFLAGS = "$(inherited)";
				OTHER_SWIFT_FLAGS = "$(inherited)";
				SWIFT_ACTIVE_COMPILATION_CONDITIONS = "$(inherited)";
				SWIFT_FORCE_DYNAMIC_LINK_STDLIB = YES;
				SWIFT_FORCE_STATIC_LINK_STDLIB = NO;
				SWIFT_VERSION = 5.0;
				TARGET_NAME = Monkey;
				TVOS_DEPLOYMENT_TARGET = 9.0;
				WATCHOS_DEPLOYMENT_TARGET = 2.0;
			};
			name = Release;
		};
		OBJ_79 /* Debug */ = {
			isa = XCBuildConfiguration;
			buildSettings = {
				ENABLE_TESTABILITY = YES;
				FRAMEWORK_SEARCH_PATHS = (
					"$(inherited)",
					"$(PLATFORM_DIR)/Developer/Library/Frameworks",
				);
				HEADER_SEARCH_PATHS = "$(inherited)";
				INFOPLIST_FILE = Rosetta.xcodeproj/MonkeyLang_Info.plist;
				IPHONEOS_DEPLOYMENT_TARGET = 9.0;
				LD_RUNPATH_SEARCH_PATHS = "$(inherited) $(TOOLCHAIN_DIR)/usr/lib/swift/macosx";
				MACOSX_DEPLOYMENT_TARGET = 10.10;
				OTHER_CFLAGS = "$(inherited)";
				OTHER_LDFLAGS = "$(inherited)";
				OTHER_SWIFT_FLAGS = "$(inherited)";
				PRODUCT_BUNDLE_IDENTIFIER = MonkeyLang;
				PRODUCT_MODULE_NAME = "$(TARGET_NAME:c99extidentifier)";
				PRODUCT_NAME = "$(TARGET_NAME:c99extidentifier)";
				SKIP_INSTALL = YES;
				SWIFT_ACTIVE_COMPILATION_CONDITIONS = "$(inherited)";
				SWIFT_VERSION = 5.0;
				TARGET_NAME = MonkeyLang;
				TVOS_DEPLOYMENT_TARGET = 9.0;
				WATCHOS_DEPLOYMENT_TARGET = 2.0;
			};
			name = Debug;
		};
		OBJ_80 /* Release */ = {
			isa = XCBuildConfiguration;
			buildSettings = {
				ENABLE_TESTABILITY = YES;
				FRAMEWORK_SEARCH_PATHS = (
					"$(inherited)",
					"$(PLATFORM_DIR)/Developer/Library/Frameworks",
				);
				HEADER_SEARCH_PATHS = "$(inherited)";
				INFOPLIST_FILE = Rosetta.xcodeproj/MonkeyLang_Info.plist;
				IPHONEOS_DEPLOYMENT_TARGET = 9.0;
				LD_RUNPATH_SEARCH_PATHS = "$(inherited) $(TOOLCHAIN_DIR)/usr/lib/swift/macosx";
				MACOSX_DEPLOYMENT_TARGET = 10.10;
				OTHER_CFLAGS = "$(inherited)";
				OTHER_LDFLAGS = "$(inherited)";
				OTHER_SWIFT_FLAGS = "$(inherited)";
				PRODUCT_BUNDLE_IDENTIFIER = MonkeyLang;
				PRODUCT_MODULE_NAME = "$(TARGET_NAME:c99extidentifier)";
				PRODUCT_NAME = "$(TARGET_NAME:c99extidentifier)";
				SKIP_INSTALL = YES;
				SWIFT_ACTIVE_COMPILATION_CONDITIONS = "$(inherited)";
				SWIFT_VERSION = 5.0;
				TARGET_NAME = MonkeyLang;
				TVOS_DEPLOYMENT_TARGET = 9.0;
				WATCHOS_DEPLOYMENT_TARGET = 2.0;
			};
			name = Release;
		};
/* End XCBuildConfiguration section */

/* Begin XCConfigurationList section */
		OBJ_105 /* Build configuration list for PBXNativeTarget "MonkeyTests" */ = {
			isa = XCConfigurationList;
			buildConfigurations = (
				OBJ_106 /* Debug */,
				OBJ_107 /* Release */,
			);
			defaultConfigurationIsVisible = 0;
			defaultConfigurationName = Release;
		};
		OBJ_119 /* Build configuration list for PBXNativeTarget "Rosetta" */ = {
			isa = XCConfigurationList;
			buildConfigurations = (
				OBJ_120 /* Debug */,
				OBJ_121 /* Release */,
			);
			defaultConfigurationIsVisible = 0;
			defaultConfigurationName = Release;
		};
		OBJ_133 /* Build configuration list for PBXNativeTarget "RosettaPackageDescription" */ = {
			isa = XCConfigurationList;
			buildConfigurations = (
				OBJ_134 /* Debug */,
				OBJ_135 /* Release */,
			);
			defaultConfigurationIsVisible = 0;
			defaultConfigurationName = Release;
		};
		OBJ_139 /* Build configuration list for PBXAggregateTarget "RosettaPackageTests" */ = {
			isa = XCConfigurationList;
			buildConfigurations = (
				OBJ_140 /* Debug */,
				OBJ_141 /* Release */,
			);
			defaultConfigurationIsVisible = 0;
			defaultConfigurationName = Release;
		};
		OBJ_145 /* Build configuration list for PBXNativeTarget "RosettaTests" */ = {
			isa = XCConfigurationList;
			buildConfigurations = (
				OBJ_146 /* Debug */,
				OBJ_147 /* Release */,
			);
			defaultConfigurationIsVisible = 0;
			defaultConfigurationName = Release;
		};
		OBJ_2 /* Build configuration list for PBXProject "Rosetta" */ = {
			isa = XCConfigurationList;
			buildConfigurations = (
				OBJ_3 /* Debug */,
				OBJ_4 /* Release */,
			);
			defaultConfigurationIsVisible = 0;
			defaultConfigurationName = Release;
		};
		OBJ_65 /* Build configuration list for PBXNativeTarget "Monkey" */ = {
			isa = XCConfigurationList;
			buildConfigurations = (
				OBJ_66 /* Debug */,
				OBJ_67 /* Release */,
			);
			defaultConfigurationIsVisible = 0;
			defaultConfigurationName = Release;
		};
		OBJ_78 /* Build configuration list for PBXNativeTarget "MonkeyLang" */ = {
			isa = XCConfigurationList;
			buildConfigurations = (
				OBJ_79 /* Debug */,
				OBJ_80 /* Release */,
			);
			defaultConfigurationIsVisible = 0;
			defaultConfigurationName = Release;
		};
/* End XCConfigurationList section */
	};
	rootObject = OBJ_1 /* Project object */;
}
